
Microsoft Visual Studio Solution File, Format Version 12.00
# Visual Studio 15
VisualStudioVersion = 15.0.27703.2042
MinimumVisualStudioVersion = 10.0.40219.1
Project("{FAE04EC0-301F-11D3-BF4B-00C04F79EFBC}") = "BarcodeXam.Android", "BarcodeXam\BarcodeXam.Android\BarcodeXam.Android.csproj", "{5F0A785D-C49E-43B2-91F9-8E98A3CD8C20}"
EndProject
Project("{FAE04EC0-301F-11D3-BF4B-00C04F79EFBC}") = "BarcodeXam.iOS", "BarcodeXam\BarcodeXam.iOS\BarcodeXam.iOS.csproj", "{B9A13E2E-4815-4671-8EBC-FD8134995421}"
EndProject
Project("{FAE04EC0-301F-11D3-BF4B-00C04F79EFBC}") = "BarcodeXam.UWP", "BarcodeXam\BarcodeXam.UWP\BarcodeXam.UWP.csproj", "{1AD1A309-3DBA-41BD-850F-343DF5C13CED}"
EndProject
Project("{FAE04EC0-301F-11D3-BF4B-00C04F79EFBC}") = "BarcodeXam", "BarcodeXam\BarcodeXam\BarcodeXam.csproj", "{5B127547-3CF0-401D-9B3F-CAEC4EF78D11}"
EndProject
Global
	GlobalSection(SolutionConfigurationPlatforms) = preSolution
		Ad-Hoc|Any CPU = Ad-Hoc|Any CPU
		Ad-Hoc|ARM = Ad-Hoc|ARM
		Ad-Hoc|iPhone = Ad-Hoc|iPhone
		Ad-Hoc|iPhoneSimulator = Ad-Hoc|iPhoneSimulator
		Ad-Hoc|x64 = Ad-Hoc|x64
		Ad-Hoc|x86 = Ad-Hoc|x86
		AppStore|Any CPU = AppStore|Any CPU
		AppStore|ARM = AppStore|ARM
		AppStore|iPhone = AppStore|iPhone
		AppStore|iPhoneSimulator = AppStore|iPhoneSimulator
		AppStore|x64 = AppStore|x64
		AppStore|x86 = AppStore|x86
		Debug|Any CPU = Debug|Any CPU
		Debug|ARM = Debug|ARM
		Debug|iPhone = Debug|iPhone
		Debug|iPhoneSimulator = Debug|iPhoneSimulator
		Debug|x64 = Debug|x64
		Debug|x86 = Debug|x86
		Release|Any CPU = Release|Any CPU
		Release|ARM = Release|ARM
		Release|iPhone = Release|iPhone
		Release|iPhoneSimulator = Release|iPhoneSimulator
		Release|x64 = Release|x64
		Release|x86 = Release|x86
	EndGlobalSection
	GlobalSection(ProjectConfigurationPlatforms) = postSolution
		{5F0A785D-C49E-43B2-91F9-8E98A3CD8C20}.Ad-Hoc|Any CPU.ActiveCfg = Release|Any CPU
		{5F0A785D-C49E-43B2-91F9-8E98A3CD8C20}.Ad-Hoc|Any CPU.Build.0 = Release|Any CPU
		{5F0A785D-C49E-43B2-91F9-8E98A3CD8C20}.Ad-Hoc|Any CPU.Deploy.0 = Release|Any CPU
		{5F0A785D-C49E-43B2-91F9-8E98A3CD8C20}.Ad-Hoc|ARM.ActiveCfg = Release|Any CPU
		{5F0A785D-C49E-43B2-91F9-8E98A3CD8C20}.Ad-Hoc|ARM.Build.0 = Release|Any CPU
		{5F0A785D-C49E-43B2-91F9-8E98A3CD8C20}.Ad-Hoc|ARM.Deploy.0 = Release|Any CPU
		{5F0A785D-C49E-43B2-91F9-8E98A3CD8C20}.Ad-Hoc|iPhone.ActiveCfg = Release|Any CPU
		{5F0A785D-C49E-43B2-91F9-8E98A3CD8C20}.Ad-Hoc|iPhone.Build.0 = Release|Any CPU
		{5F0A785D-C49E-43B2-91F9-8E98A3CD8C20}.Ad-Hoc|iPhone.Deploy.0 = Release|Any CPU
		{5F0A785D-C49E-43B2-91F9-8E98A3CD8C20}.Ad-Hoc|iPhoneSimulator.ActiveCfg = Release|Any CPU
		{5F0A785D-C49E-43B2-91F9-8E98A3CD8C20}.Ad-Hoc|iPhoneSimulator.Build.0 = Release|Any CPU
		{5F0A785D-C49E-43B2-91F9-8E98A3CD8C20}.Ad-Hoc|iPhoneSimulator.Deploy.0 = Release|Any CPU
		{5F0A785D-C49E-43B2-91F9-8E98A3CD8C20}.Ad-Hoc|x64.ActiveCfg = Release|Any CPU
		{5F0A785D-C49E-43B2-91F9-8E98A3CD8C20}.Ad-Hoc|x64.Build.0 = Release|Any CPU
		{5F0A785D-C49E-43B2-91F9-8E98A3CD8C20}.Ad-Hoc|x64.Deploy.0 = Release|Any CPU
		{5F0A785D-C49E-43B2-91F9-8E98A3CD8C20}.Ad-Hoc|x86.ActiveCfg = Release|Any CPU
		{5F0A785D-C49E-43B2-91F9-8E98A3CD8C20}.Ad-Hoc|x86.Build.0 = Release|Any CPU
		{5F0A785D-C49E-43B2-91F9-8E98A3CD8C20}.Ad-Hoc|x86.Deploy.0 = Release|Any CPU
		{5F0A785D-C49E-43B2-91F9-8E98A3CD8C20}.AppStore|Any CPU.ActiveCfg = Release|Any CPU
		{5F0A785D-C49E-43B2-91F9-8E98A3CD8C20}.AppStore|Any CPU.Build.0 = Release|Any CPU
		{5F0A785D-C49E-43B2-91F9-8E98A3CD8C20}.AppStore|Any CPU.Deploy.0 = Release|Any CPU
		{5F0A785D-C49E-43B2-91F9-8E98A3CD8C20}.AppStore|ARM.ActiveCfg = Release|Any CPU
		{5F0A785D-C49E-43B2-91F9-8E98A3CD8C20}.AppStore|ARM.Build.0 = Release|Any CPU
		{5F0A785D-C49E-43B2-91F9-8E98A3CD8C20}.AppStore|ARM.Deploy.0 = Release|Any CPU
		{5F0A785D-C49E-43B2-91F9-8E98A3CD8C20}.AppStore|iPhone.ActiveCfg = Release|Any CPU
		{5F0A785D-C49E-43B2-91F9-8E98A3CD8C20}.AppStore|iPhone.Build.0 = Release|Any CPU
		{5F0A785D-C49E-43B2-91F9-8E98A3CD8C20}.AppStore|iPhone.Deploy.0 = Release|Any CPU
		{5F0A785D-C49E-43B2-91F9-8E98A3CD8C20}.AppStore|iPhoneSimulator.ActiveCfg = Release|Any CPU
		{5F0A785D-C49E-43B2-91F9-8E98A3CD8C20}.AppStore|iPhoneSimulator.Build.0 = Release|Any CPU
		{5F0A785D-C49E-43B2-91F9-8E98A3CD8C20}.AppStore|iPhoneSimulator.Deploy.0 = Release|Any CPU
		{5F0A785D-C49E-43B2-91F9-8E98A3CD8C20}.AppStore|x64.ActiveCfg = Release|Any CPU
		{5F0A785D-C49E-43B2-91F9-8E98A3CD8C20}.AppStore|x64.Build.0 = Release|Any CPU
		{5F0A785D-C49E-43B2-91F9-8E98A3CD8C20}.AppStore|x64.Deploy.0 = Release|Any CPU
		{5F0A785D-C49E-43B2-91F9-8E98A3CD8C20}.AppStore|x86.ActiveCfg = Release|Any CPU
		{5F0A785D-C49E-43B2-91F9-8E98A3CD8C20}.AppStore|x86.Build.0 = Release|Any CPU
		{5F0A785D-C49E-43B2-91F9-8E98A3CD8C20}.AppStore|x86.Deploy.0 = Release|Any CPU
		{5F0A785D-C49E-43B2-91F9-8E98A3CD8C20}.Debug|Any CPU.ActiveCfg = Debug|Any CPU
		{5F0A785D-C49E-43B2-91F9-8E98A3CD8C20}.Debug|Any CPU.Build.0 = Debug|Any CPU
		{5F0A785D-C49E-43B2-91F9-8E98A3CD8C20}.Debug|Any CPU.Deploy.0 = Debug|Any CPU
		{5F0A785D-C49E-43B2-91F9-8E98A3CD8C20}.Debug|ARM.ActiveCfg = Debug|Any CPU
		{5F0A785D-C49E-43B2-91F9-8E98A3CD8C20}.Debug|ARM.Build.0 = Debug|Any CPU
		{5F0A785D-C49E-43B2-91F9-8E98A3CD8C20}.Debug|ARM.Deploy.0 = Debug|Any CPU
		{5F0A785D-C49E-43B2-91F9-8E98A3CD8C20}.Debug|iPhone.ActiveCfg = Debug|Any CPU
		{5F0A785D-C49E-43B2-91F9-8E98A3CD8C20}.Debug|iPhone.Build.0 = Debug|Any CPU
		{5F0A785D-C49E-43B2-91F9-8E98A3CD8C20}.Debug|iPhone.Deploy.0 = Debug|Any CPU
		{5F0A785D-C49E-43B2-91F9-8E98A3CD8C20}.Debug|iPhoneSimulator.ActiveCfg = Debug|Any CPU
		{5F0A785D-C49E-43B2-91F9-8E98A3CD8C20}.Debug|iPhoneSimulator.Build.0 = Debug|Any CPU
		{5F0A785D-C49E-43B2-91F9-8E98A3CD8C20}.Debug|iPhoneSimulator.Deploy.0 = Debug|Any CPU
		{5F0A785D-C49E-43B2-91F9-8E98A3CD8C20}.Debug|x64.ActiveCfg = Debug|Any CPU
		{5F0A785D-C49E-43B2-91F9-8E98A3CD8C20}.Debug|x64.Build.0 = Debug|Any CPU
		{5F0A785D-C49E-43B2-91F9-8E98A3CD8C20}.Debug|x64.Deploy.0 = Debug|Any CPU
		{5F0A785D-C49E-43B2-91F9-8E98A3CD8C20}.Debug|x86.ActiveCfg = Debug|Any CPU
		{5F0A785D-C49E-43B2-91F9-8E98A3CD8C20}.Debug|x86.Build.0 = Debug|Any CPU
		{5F0A785D-C49E-43B2-91F9-8E98A3CD8C20}.Debug|x86.Deploy.0 = Debug|Any CPU
		{5F0A785D-C49E-43B2-91F9-8E98A3CD8C20}.Release|Any CPU.ActiveCfg = Release|Any CPU
		{5F0A785D-C49E-43B2-91F9-8E98A3CD8C20}.Release|Any CPU.Build.0 = Release|Any CPU
		{5F0A785D-C49E-43B2-91F9-8E98A3CD8C20}.Release|Any CPU.Deploy.0 = Release|Any CPU
		{5F0A785D-C49E-43B2-91F9-8E98A3CD8C20}.Release|ARM.ActiveCfg = Release|Any CPU
		{5F0A785D-C49E-43B2-91F9-8E98A3CD8C20}.Release|ARM.Build.0 = Release|Any CPU
		{5F0A785D-C49E-43B2-91F9-8E98A3CD8C20}.Release|ARM.Deploy.0 = Release|Any CPU
		{5F0A785D-C49E-43B2-91F9-8E98A3CD8C20}.Release|iPhone.ActiveCfg = Release|Any CPU
		{5F0A785D-C49E-43B2-91F9-8E98A3CD8C20}.Release|iPhone.Build.0 = Release|Any CPU
		{5F0A785D-C49E-43B2-91F9-8E98A3CD8C20}.Release|iPhone.Deploy.0 = Release|Any CPU
		{5F0A785D-C49E-43B2-91F9-8E98A3CD8C20}.Release|iPhoneSimulator.ActiveCfg = Release|Any CPU
		{5F0A785D-C49E-43B2-91F9-8E98A3CD8C20}.Release|iPhoneSimulator.Build.0 = Release|Any CPU
		{5F0A785D-C49E-43B2-91F9-8E98A3CD8C20}.Release|iPhoneSimulator.Deploy.0 = Release|Any CPU
		{5F0A785D-C49E-43B2-91F9-8E98A3CD8C20}.Release|x64.ActiveCfg = Release|Any CPU
		{5F0A785D-C49E-43B2-91F9-8E98A3CD8C20}.Release|x64.Build.0 = Release|Any CPU
		{5F0A785D-C49E-43B2-91F9-8E98A3CD8C20}.Release|x64.Deploy.0 = Release|Any CPU
		{5F0A785D-C49E-43B2-91F9-8E98A3CD8C20}.Release|x86.ActiveCfg = Release|Any CPU
		{5F0A785D-C49E-43B2-91F9-8E98A3CD8C20}.Release|x86.Build.0 = Release|Any CPU
		{5F0A785D-C49E-43B2-91F9-8E98A3CD8C20}.Release|x86.Deploy.0 = Release|Any CPU
		{B9A13E2E-4815-4671-8EBC-FD8134995421}.Ad-Hoc|Any CPU.ActiveCfg = Ad-Hoc|iPhone
		{B9A13E2E-4815-4671-8EBC-FD8134995421}.Ad-Hoc|Any CPU.Build.0 = Ad-Hoc|iPhone
		{B9A13E2E-4815-4671-8EBC-FD8134995421}.Ad-Hoc|Any CPU.Deploy.0 = Ad-Hoc|iPhone
		{B9A13E2E-4815-4671-8EBC-FD8134995421}.Ad-Hoc|ARM.ActiveCfg = Ad-Hoc|iPhone
		{B9A13E2E-4815-4671-8EBC-FD8134995421}.Ad-Hoc|ARM.Build.0 = Ad-Hoc|iPhone
		{B9A13E2E-4815-4671-8EBC-FD8134995421}.Ad-Hoc|ARM.Deploy.0 = Ad-Hoc|iPhone
		{B9A13E2E-4815-4671-8EBC-FD8134995421}.Ad-Hoc|iPhone.ActiveCfg = Ad-Hoc|iPhone
		{B9A13E2E-4815-4671-8EBC-FD8134995421}.Ad-Hoc|iPhone.Build.0 = Ad-Hoc|iPhone
		{B9A13E2E-4815-4671-8EBC-FD8134995421}.Ad-Hoc|iPhone.Deploy.0 = Ad-Hoc|iPhone
		{B9A13E2E-4815-4671-8EBC-FD8134995421}.Ad-Hoc|iPhoneSimulator.ActiveCfg = Ad-Hoc|iPhoneSimulator
		{B9A13E2E-4815-4671-8EBC-FD8134995421}.Ad-Hoc|iPhoneSimulator.Build.0 = Ad-Hoc|iPhoneSimulator
		{B9A13E2E-4815-4671-8EBC-FD8134995421}.Ad-Hoc|iPhoneSimulator.Deploy.0 = Ad-Hoc|iPhoneSimulator
		{B9A13E2E-4815-4671-8EBC-FD8134995421}.Ad-Hoc|x64.ActiveCfg = Ad-Hoc|iPhone
		{B9A13E2E-4815-4671-8EBC-FD8134995421}.Ad-Hoc|x64.Build.0 = Ad-Hoc|iPhone
		{B9A13E2E-4815-4671-8EBC-FD8134995421}.Ad-Hoc|x64.Deploy.0 = Ad-Hoc|iPhone
		{B9A13E2E-4815-4671-8EBC-FD8134995421}.Ad-Hoc|x86.ActiveCfg = Ad-Hoc|iPhone
		{B9A13E2E-4815-4671-8EBC-FD8134995421}.Ad-Hoc|x86.Build.0 = Ad-Hoc|iPhone
		{B9A13E2E-4815-4671-8EBC-FD8134995421}.Ad-Hoc|x86.Deploy.0 = Ad-Hoc|iPhone
		{B9A13E2E-4815-4671-8EBC-FD8134995421}.AppStore|Any CPU.ActiveCfg = AppStore|iPhone
		{B9A13E2E-4815-4671-8EBC-FD8134995421}.AppStore|Any CPU.Build.0 = AppStore|iPhone
		{B9A13E2E-4815-4671-8EBC-FD8134995421}.AppStore|Any CPU.Deploy.0 = AppStore|iPhone
		{B9A13E2E-4815-4671-8EBC-FD8134995421}.AppStore|ARM.ActiveCfg = AppStore|iPhone
		{B9A13E2E-4815-4671-8EBC-FD8134995421}.AppStore|ARM.Build.0 = AppStore|iPhone
		{B9A13E2E-4815-4671-8EBC-FD8134995421}.AppStore|ARM.Deploy.0 = AppStore|iPhone
		{B9A13E2E-4815-4671-8EBC-FD8134995421}.AppStore|iPhone.ActiveCfg = AppStore|iPhone
		{B9A13E2E-4815-4671-8EBC-FD8134995421}.AppStore|iPhone.Build.0 = AppStore|iPhone
		{B9A13E2E-4815-4671-8EBC-FD8134995421}.AppStore|iPhone.Deploy.0 = AppStore|iPhone
		{B9A13E2E-4815-4671-8EBC-FD8134995421}.AppStore|iPhoneSimulator.ActiveCfg = AppStore|iPhoneSimulator
		{B9A13E2E-4815-4671-8EBC-FD8134995421}.AppStore|iPhoneSimulator.Build.0 = AppStore|iPhoneSimulator
		{B9A13E2E-4815-4671-8EBC-FD8134995421}.AppStore|iPhoneSimulator.Deploy.0 = AppStore|iPhoneSimulator
		{B9A13E2E-4815-4671-8EBC-FD8134995421}.AppStore|x64.ActiveCfg = AppStore|iPhone
		{B9A13E2E-4815-4671-8EBC-FD8134995421}.AppStore|x64.Build.0 = AppStore|iPhone
		{B9A13E2E-4815-4671-8EBC-FD8134995421}.AppStore|x64.Deploy.0 = AppStore|iPhone
		{B9A13E2E-4815-4671-8EBC-FD8134995421}.AppStore|x86.ActiveCfg = AppStore|iPhone
		{B9A13E2E-4815-4671-8EBC-FD8134995421}.AppStore|x86.Build.0 = AppStore|iPhone
		{B9A13E2E-4815-4671-8EBC-FD8134995421}.AppStore|x86.Deploy.0 = AppStore|iPhone
		{B9A13E2E-4815-4671-8EBC-FD8134995421}.Debug|Any CPU.ActiveCfg = Debug|iPhoneSimulator
		{B9A13E2E-4815-4671-8EBC-FD8134995421}.Debug|Any CPU.Build.0 = Debug|iPhoneSimulator
		{B9A13E2E-4815-4671-8EBC-FD8134995421}.Debug|Any CPU.Deploy.0 = Debug|iPhoneSimulator
		{B9A13E2E-4815-4671-8EBC-FD8134995421}.Debug|ARM.ActiveCfg = Debug|iPhone
		{B9A13E2E-4815-4671-8EBC-FD8134995421}.Debug|ARM.Build.0 = Debug|iPhone
		{B9A13E2E-4815-4671-8EBC-FD8134995421}.Debug|ARM.Deploy.0 = Debug|iPhone
		{B9A13E2E-4815-4671-8EBC-FD8134995421}.Debug|iPhone.ActiveCfg = Debug|iPhone
		{B9A13E2E-4815-4671-8EBC-FD8134995421}.Debug|iPhone.Build.0 = Debug|iPhone
		{B9A13E2E-4815-4671-8EBC-FD8134995421}.Debug|iPhone.Deploy.0 = Debug|iPhone
		{B9A13E2E-4815-4671-8EBC-FD8134995421}.Debug|iPhoneSimulator.ActiveCfg = Debug|iPhoneSimulator
		{B9A13E2E-4815-4671-8EBC-FD8134995421}.Debug|iPhoneSimulator.Build.0 = Debug|iPhoneSimulator
		{B9A13E2E-4815-4671-8EBC-FD8134995421}.Debug|iPhoneSimulator.Deploy.0 = Debug|iPhoneSimulator
		{B9A13E2E-4815-4671-8EBC-FD8134995421}.Debug|x64.ActiveCfg = Debug|iPhone
		{B9A13E2E-4815-4671-8EBC-FD8134995421}.Debug|x64.Build.0 = Debug|iPhone
		{B9A13E2E-4815-4671-8EBC-FD8134995421}.Debug|x64.Deploy.0 = Debug|iPhone
		{B9A13E2E-4815-4671-8EBC-FD8134995421}.Debug|x86.ActiveCfg = Debug|iPhone
		{B9A13E2E-4815-4671-8EBC-FD8134995421}.Debug|x86.Build.0 = Debug|iPhone
		{B9A13E2E-4815-4671-8EBC-FD8134995421}.Debug|x86.Deploy.0 = Debug|iPhone
		{B9A13E2E-4815-4671-8EBC-FD8134995421}.Release|Any CPU.ActiveCfg = Release|iPhone
		{B9A13E2E-4815-4671-8EBC-FD8134995421}.Release|Any CPU.Build.0 = Release|iPhone
		{B9A13E2E-4815-4671-8EBC-FD8134995421}.Release|Any CPU.Deploy.0 = Release|iPhone
		{B9A13E2E-4815-4671-8EBC-FD8134995421}.Release|ARM.ActiveCfg = Release|iPhone
		{B9A13E2E-4815-4671-8EBC-FD8134995421}.Release|ARM.Build.0 = Release|iPhone
		{B9A13E2E-4815-4671-8EBC-FD8134995421}.Release|ARM.Deploy.0 = Release|iPhone
		{B9A13E2E-4815-4671-8EBC-FD8134995421}.Release|iPhone.ActiveCfg = Release|iPhone
		{B9A13E2E-4815-4671-8EBC-FD8134995421}.Release|iPhone.Build.0 = Release|iPhone
		{B9A13E2E-4815-4671-8EBC-FD8134995421}.Release|iPhone.Deploy.0 = Release|iPhone
		{B9A13E2E-4815-4671-8EBC-FD8134995421}.Release|iPhoneSimulator.ActiveCfg = Release|iPhoneSimulator
		{B9A13E2E-4815-4671-8EBC-FD8134995421}.Release|iPhoneSimulator.Build.0 = Release|iPhoneSimulator
		{B9A13E2E-4815-4671-8EBC-FD8134995421}.Release|iPhoneSimulator.Deploy.0 = Release|iPhoneSimulator
		{B9A13E2E-4815-4671-8EBC-FD8134995421}.Release|x64.ActiveCfg = Release|iPhone
		{B9A13E2E-4815-4671-8EBC-FD8134995421}.Release|x64.Build.0 = Release|iPhone
		{B9A13E2E-4815-4671-8EBC-FD8134995421}.Release|x64.Deploy.0 = Release|iPhone
		{B9A13E2E-4815-4671-8EBC-FD8134995421}.Release|x86.ActiveCfg = Release|iPhone
		{B9A13E2E-4815-4671-8EBC-FD8134995421}.Release|x86.Build.0 = Release|iPhone
		{B9A13E2E-4815-4671-8EBC-FD8134995421}.Release|x86.Deploy.0 = Release|iPhone
		{1AD1A309-3DBA-41BD-850F-343DF5C13CED}.Ad-Hoc|Any CPU.ActiveCfg = Release|x86
		{1AD1A309-3DBA-41BD-850F-343DF5C13CED}.Ad-Hoc|Any CPU.Build.0 = Release|x86
		{1AD1A309-3DBA-41BD-850F-343DF5C13CED}.Ad-Hoc|Any CPU.Deploy.0 = Release|x86
		{1AD1A309-3DBA-41BD-850F-343DF5C13CED}.Ad-Hoc|ARM.ActiveCfg = Release|ARM
		{1AD1A309-3DBA-41BD-850F-343DF5C13CED}.Ad-Hoc|ARM.Build.0 = Release|ARM
		{1AD1A309-3DBA-41BD-850F-343DF5C13CED}.Ad-Hoc|ARM.Deploy.0 = Release|ARM
		{1AD1A309-3DBA-41BD-850F-343DF5C13CED}.Ad-Hoc|iPhone.ActiveCfg = Release|x86
		{1AD1A309-3DBA-41BD-850F-343DF5C13CED}.Ad-Hoc|iPhone.Build.0 = Release|x86
		{1AD1A309-3DBA-41BD-850F-343DF5C13CED}.Ad-Hoc|iPhone.Deploy.0 = Release|x86
		{1AD1A309-3DBA-41BD-850F-343DF5C13CED}.Ad-Hoc|iPhoneSimulator.ActiveCfg = Release|x86
		{1AD1A309-3DBA-41BD-850F-343DF5C13CED}.Ad-Hoc|iPhoneSimulator.Build.0 = Release|x86
		{1AD1A309-3DBA-41BD-850F-343DF5C13CED}.Ad-Hoc|iPhoneSimulator.Deploy.0 = Release|x86
		{1AD1A309-3DBA-41BD-850F-343DF5C13CED}.Ad-Hoc|x64.ActiveCfg = Release|x64
		{1AD1A309-3DBA-41BD-850F-343DF5C13CED}.Ad-Hoc|x64.Build.0 = Release|x64
		{1AD1A309-3DBA-41BD-850F-343DF5C13CED}.Ad-Hoc|x64.Deploy.0 = Release|x64
		{1AD1A309-3DBA-41BD-850F-343DF5C13CED}.Ad-Hoc|x86.ActiveCfg = Release|x86
		{1AD1A309-3DBA-41BD-850F-343DF5C13CED}.Ad-Hoc|x86.Build.0 = Release|x86
		{1AD1A309-3DBA-41BD-850F-343DF5C13CED}.Ad-Hoc|x86.Deploy.0 = Release|x86
		{1AD1A309-3DBA-41BD-850F-343DF5C13CED}.AppStore|Any CPU.ActiveCfg = Release|x86
		{1AD1A309-3DBA-41BD-850F-343DF5C13CED}.AppStore|Any CPU.Build.0 = Release|x86
		{1AD1A309-3DBA-41BD-850F-343DF5C13CED}.AppStore|Any CPU.Deploy.0 = Release|x86
		{1AD1A309-3DBA-41BD-850F-343DF5C13CED}.AppStore|ARM.ActiveCfg = Release|ARM
		{1AD1A309-3DBA-41BD-850F-343DF5C13CED}.AppStore|ARM.Build.0 = Release|ARM
		{1AD1A309-3DBA-41BD-850F-343DF5C13CED}.AppStore|ARM.Deploy.0 = Release|ARM
		{1AD1A309-3DBA-41BD-850F-343DF5C13CED}.AppStore|iPhone.ActiveCfg = Release|x86
		{1AD1A309-3DBA-41BD-850F-343DF5C13CED}.AppStore|iPhone.Build.0 = Release|x86
		{1AD1A309-3DBA-41BD-850F-343DF5C13CED}.AppStore|iPhone.Deploy.0 = Release|x86
		{1AD1A309-3DBA-41BD-850F-343DF5C13CED}.AppStore|iPhoneSimulator.ActiveCfg = Release|x86
		{1AD1A309-3DBA-41BD-850F-343DF5C13CED}.AppStore|iPhoneSimulator.Build.0 = Release|x86
		{1AD1A309-3DBA-41BD-850F-343DF5C13CED}.AppStore|iPhoneSimulator.Deploy.0 = Release|x86
		{1AD1A309-3DBA-41BD-850F-343DF5C13CED}.AppStore|x64.ActiveCfg = Release|x64
		{1AD1A309-3DBA-41BD-850F-343DF5C13CED}.AppStore|x64.Build.0 = Release|x64
		{1AD1A309-3DBA-41BD-850F-343DF5C13CED}.AppStore|x64.Deploy.0 = Release|x64
		{1AD1A309-3DBA-41BD-850F-343DF5C13CED}.AppStore|x86.ActiveCfg = Release|x86
		{1AD1A309-3DBA-41BD-850F-343DF5C13CED}.AppStore|x86.Build.0 = Release|x86
		{1AD1A309-3DBA-41BD-850F-343DF5C13CED}.AppStore|x86.Deploy.0 = Release|x86
		{1AD1A309-3DBA-41BD-850F-343DF5C13CED}.Debug|Any CPU.ActiveCfg = Debug|x86
		{1AD1A309-3DBA-41BD-850F-343DF5C13CED}.Debug|Any CPU.Build.0 = Debug|x86
		{1AD1A309-3DBA-41BD-850F-343DF5C13CED}.Debug|Any CPU.Deploy.0 = Debug|x86
		{1AD1A309-3DBA-41BD-850F-343DF5C13CED}.Debug|ARM.ActiveCfg = Debug|ARM
		{1AD1A309-3DBA-41BD-850F-343DF5C13CED}.Debug|ARM.Build.0 = Debug|ARM
		{1AD1A309-3DBA-41BD-850F-343DF5C13CED}.Debug|ARM.Deploy.0 = Debug|ARM
		{1AD1A309-3DBA-41BD-850F-343DF5C13CED}.Debug|iPhone.ActiveCfg = Debug|x86
		{1AD1A309-3DBA-41BD-850F-343DF5C13CED}.Debug|iPhone.Build.0 = Debug|x86
		{1AD1A309-3DBA-41BD-850F-343DF5C13CED}.Debug|iPhone.Deploy.0 = Debug|x86
		{1AD1A309-3DBA-41BD-850F-343DF5C13CED}.Debug|iPhoneSimulator.ActiveCfg = Debug|x86
		{1AD1A309-3DBA-41BD-850F-343DF5C13CED}.Debug|iPhoneSimulator.Build.0 = Debug|x86
		{1AD1A309-3DBA-41BD-850F-343DF5C13CED}.Debug|iPhoneSimulator.Deploy.0 = Debug|x86
		{1AD1A309-3DBA-41BD-850F-343DF5C13CED}.Debug|x64.ActiveCfg = Debug|x64
		{1AD1A309-3DBA-41BD-850F-343DF5C13CED}.Debug|x64.Build.0 = Debug|x64
		{1AD1A309-3DBA-41BD-850F-343DF5C13CED}.Debug|x64.Deploy.0 = Debug|x64
		{1AD1A309-3DBA-41BD-850F-343DF5C13CED}.Debug|x86.ActiveCfg = Debug|x86
		{1AD1A309-3DBA-41BD-850F-343DF5C13CED}.Debug|x86.Build.0 = Debug|x86
		{1AD1A309-3DBA-41BD-850F-343DF5C13CED}.Debug|x86.Deploy.0 = Debug|x86
		{1AD1A309-3DBA-41BD-850F-343DF5C13CED}.Release|Any CPU.ActiveCfg = Release|x86
		{1AD1A309-3DBA-41BD-850F-343DF5C13CED}.Release|Any CPU.Build.0 = Release|x86
		{1AD1A309-3DBA-41BD-850F-343DF5C13CED}.Release|Any CPU.Deploy.0 = Release|x86
		{1AD1A309-3DBA-41BD-850F-343DF5C13CED}.Release|ARM.ActiveCfg = Release|ARM
		{1AD1A309-3DBA-41BD-850F-343DF5C13CED}.Release|ARM.Build.0 = Release|ARM
		{1AD1A309-3DBA-41BD-850F-343DF5C13CED}.Release|ARM.Deploy.0 = Release|ARM
		{1AD1A309-3DBA-41BD-850F-343DF5C13CED}.Release|iPhone.ActiveCfg = Release|x86
		{1AD1A309-3DBA-41BD-850F-343DF5C13CED}.Release|iPhone.Build.0 = Release|x86
		{1AD1A309-3DBA-41BD-850F-343DF5C13CED}.Release|iPhone.Deploy.0 = Release|x86
		{1AD1A309-3DBA-41BD-850F-343DF5C13CED}.Release|iPhoneSimulator.ActiveCfg = Release|x86
		{1AD1A309-3DBA-41BD-850F-343DF5C13CED}.Release|iPhoneSimulator.Build.0 = Release|x86
		{1AD1A309-3DBA-41BD-850F-343DF5C13CED}.Release|iPhoneSimulator.Deploy.0 = Release|x86
		{1AD1A309-3DBA-41BD-850F-343DF5C13CED}.Release|x64.ActiveCfg = Release|x64
		{1AD1A309-3DBA-41BD-850F-343DF5C13CED}.Release|x64.Build.0 = Release|x64
		{1AD1A309-3DBA-41BD-850F-343DF5C13CED}.Release|x64.Deploy.0 = Release|x64
		{1AD1A309-3DBA-41BD-850F-343DF5C13CED}.Release|x86.ActiveCfg = Release|x86
		{1AD1A309-3DBA-41BD-850F-343DF5C13CED}.Release|x86.Build.0 = Release|x86
		{1AD1A309-3DBA-41BD-850F-343DF5C13CED}.Release|x86.Deploy.0 = Release|x86
		{5B127547-3CF0-401D-9B3F-CAEC4EF78D11}.Ad-Hoc|Any CPU.ActiveCfg = Debug|Any CPU
		{5B127547-3CF0-401D-9B3F-CAEC4EF78D11}.Ad-Hoc|Any CPU.Build.0 = Debug|Any CPU
		{5B127547-3CF0-401D-9B3F-CAEC4EF78D11}.Ad-Hoc|Any CPU.Deploy.0 = Debug|Any CPU
		{5B127547-3CF0-401D-9B3F-CAEC4EF78D11}.Ad-Hoc|ARM.ActiveCfg = Debug|Any CPU
		{5B127547-3CF0-401D-9B3F-CAEC4EF78D11}.Ad-Hoc|ARM.Build.0 = Debug|Any CPU
		{5B127547-3CF0-401D-9B3F-CAEC4EF78D11}.Ad-Hoc|ARM.Deploy.0 = Debug|Any CPU
		{5B127547-3CF0-401D-9B3F-CAEC4EF78D11}.Ad-Hoc|iPhone.ActiveCfg = Debug|Any CPU
		{5B127547-3CF0-401D-9B3F-CAEC4EF78D11}.Ad-Hoc|iPhone.Build.0 = Debug|Any CPU
		{5B127547-3CF0-401D-9B3F-CAEC4EF78D11}.Ad-Hoc|iPhone.Deploy.0 = Debug|Any CPU
		{5B127547-3CF0-401D-9B3F-CAEC4EF78D11}.Ad-Hoc|iPhoneSimulator.ActiveCfg = Debug|Any CPU
		{5B127547-3CF0-401D-9B3F-CAEC4EF78D11}.Ad-Hoc|iPhoneSimulator.Build.0 = Debug|Any CPU
		{5B127547-3CF0-401D-9B3F-CAEC4EF78D11}.Ad-Hoc|iPhoneSimulator.Deploy.0 = Debug|Any CPU
		{5B127547-3CF0-401D-9B3F-CAEC4EF78D11}.Ad-Hoc|x64.ActiveCfg = Debug|Any CPU
		{5B127547-3CF0-401D-9B3F-CAEC4EF78D11}.Ad-Hoc|x64.Build.0 = Debug|Any CPU
		{5B127547-3CF0-401D-9B3F-CAEC4EF78D11}.Ad-Hoc|x64.Deploy.0 = Debug|Any CPU
		{5B127547-3CF0-401D-9B3F-CAEC4EF78D11}.Ad-Hoc|x86.ActiveCfg = Debug|Any CPU
		{5B127547-3CF0-401D-9B3F-CAEC4EF78D11}.Ad-Hoc|x86.Build.0 = Debug|Any CPU
		{5B127547-3CF0-401D-9B3F-CAEC4EF78D11}.Ad-Hoc|x86.Deploy.0 = Debug|Any CPU
		{5B127547-3CF0-401D-9B3F-CAEC4EF78D11}.AppStore|Any CPU.ActiveCfg = Debug|Any CPU
		{5B127547-3CF0-401D-9B3F-CAEC4EF78D11}.AppStore|Any CPU.Build.0 = Debug|Any CPU
		{5B127547-3CF0-401D-9B3F-CAEC4EF78D11}.AppStore|Any CPU.Deploy.0 = Debug|Any CPU
		{5B127547-3CF0-401D-9B3F-CAEC4EF78D11}.AppStore|ARM.ActiveCfg = Debug|Any CPU
		{5B127547-3CF0-401D-9B3F-CAEC4EF78D11}.AppStore|ARM.Build.0 = Debug|Any CPU
		{5B127547-3CF0-401D-9B3F-CAEC4EF78D11}.AppStore|ARM.Deploy.0 = Debug|Any CPU
		{5B127547-3CF0-401D-9B3F-CAEC4EF78D11}.AppStore|iPhone.ActiveCfg = Debug|Any CPU
		{5B127547-3CF0-401D-9B3F-CAEC4EF78D11}.AppStore|iPhone.Build.0 = Debug|Any CPU
		{5B127547-3CF0-401D-9B3F-CAEC4EF78D11}.AppStore|iPhone.Deploy.0 = Debug|Any CPU
		{5B127547-3CF0-401D-9B3F-CAEC4EF78D11}.AppStore|iPhoneSimulator.ActiveCfg = Debug|Any CPU
		{5B127547-3CF0-401D-9B3F-CAEC4EF78D11}.AppStore|iPhoneSimulator.Build.0 = Debug|Any CPU
		{5B127547-3CF0-401D-9B3F-CAEC4EF78D11}.AppStore|iPhoneSimulator.Deploy.0 = Debug|Any CPU
		{5B127547-3CF0-401D-9B3F-CAEC4EF78D11}.AppStore|x64.ActiveCfg = Debug|Any CPU
		{5B127547-3CF0-401D-9B3F-CAEC4EF78D11}.AppStore|x64.Build.0 = Debug|Any CPU
		{5B127547-3CF0-401D-9B3F-CAEC4EF78D11}.AppStore|x64.Deploy.0 = Debug|Any CPU
		{5B127547-3CF0-401D-9B3F-CAEC4EF78D11}.AppStore|x86.ActiveCfg = Debug|Any CPU
		{5B127547-3CF0-401D-9B3F-CAEC4EF78D11}.AppStore|x86.Build.0 = Debug|Any CPU
		{5B127547-3CF0-401D-9B3F-CAEC4EF78D11}.AppStore|x86.Deploy.0 = Debug|Any CPU
		{5B127547-3CF0-401D-9B3F-CAEC4EF78D11}.Debug|Any CPU.ActiveCfg = Debug|Any CPU
		{5B127547-3CF0-401D-9B3F-CAEC4EF78D11}.Debug|Any CPU.Build.0 = Debug|Any CPU
		{5B127547-3CF0-401D-9B3F-CAEC4EF78D11}.Debug|Any CPU.Deploy.0 = Debug|Any CPU
		{5B127547-3CF0-401D-9B3F-CAEC4EF78D11}.Debug|ARM.ActiveCfg = Debug|Any CPU
		{5B127547-3CF0-401D-9B3F-CAEC4EF78D11}.Debug|ARM.Build.0 = Debug|Any CPU
		{5B127547-3CF0-401D-9B3F-CAEC4EF78D11}.Debug|ARM.Deploy.0 = Debug|Any CPU
		{5B127547-3CF0-401D-9B3F-CAEC4EF78D11}.Debug|iPhone.ActiveCfg = Debug|Any CPU
		{5B127547-3CF0-401D-9B3F-CAEC4EF78D11}.Debug|iPhone.Build.0 = Debug|Any CPU
		{5B127547-3CF0-401D-9B3F-CAEC4EF78D11}.Debug|iPhone.Deploy.0 = Debug|Any CPU
		{5B127547-3CF0-401D-9B3F-CAEC4EF78D11}.Debug|iPhoneSimulator.ActiveCfg = Debug|Any CPU
		{5B127547-3CF0-401D-9B3F-CAEC4EF78D11}.Debug|iPhoneSimulator.Build.0 = Debug|Any CPU
		{5B127547-3CF0-401D-9B3F-CAEC4EF78D11}.Debug|iPhoneSimulator.Deploy.0 = Debug|Any CPU
		{5B127547-3CF0-401D-9B3F-CAEC4EF78D11}.Debug|x64.ActiveCfg = Debug|Any CPU
		{5B127547-3CF0-401D-9B3F-CAEC4EF78D11}.Debug|x64.Build.0 = Debug|Any CPU
		{5B127547-3CF0-401D-9B3F-CAEC4EF78D11}.Debug|x64.Deploy.0 = Debug|Any CPU
		{5B127547-3CF0-401D-9B3F-CAEC4EF78D11}.Debug|x86.ActiveCfg = Debug|Any CPU
		{5B127547-3CF0-401D-9B3F-CAEC4EF78D11}.Debug|x86.Build.0 = Debug|Any CPU
		{5B127547-3CF0-401D-9B3F-CAEC4EF78D11}.Debug|x86.Deploy.0 = Debug|Any CPU
		{5B127547-3CF0-401D-9B3F-CAEC4EF78D11}.Release|Any CPU.ActiveCfg = Release|Any CPU
		{5B127547-3CF0-401D-9B3F-CAEC4EF78D11}.Release|Any CPU.Build.0 = Release|Any CPU
		{5B127547-3CF0-401D-9B3F-CAEC4EF78D11}.Release|Any CPU.Deploy.0 = Release|Any CPU
		{5B127547-3CF0-401D-9B3F-CAEC4EF78D11}.Release|ARM.ActiveCfg = Release|Any CPU
		{5B127547-3CF0-401D-9B3F-CAEC4EF78D11}.Release|ARM.Build.0 = Release|Any CPU
		{5B127547-3CF0-401D-9B3F-CAEC4EF78D11}.Release|ARM.Deploy.0 = Release|Any CPU
		{5B127547-3CF0-401D-9B3F-CAEC4EF78D11}.Release|iPhone.ActiveCfg = Release|Any CPU
		{5B127547-3CF0-401D-9B3F-CAEC4EF78D11}.Release|iPhone.Build.0 = Release|Any CPU
		{5B127547-3CF0-401D-9B3F-CAEC4EF78D11}.Release|iPhone.Deploy.0 = Release|Any CPU
		{5B127547-3CF0-401D-9B3F-CAEC4EF78D11}.Release|iPhoneSimulator.ActiveCfg = Release|Any CPU
		{5B127547-3CF0-401D-9B3F-CAEC4EF78D11}.Release|iPhoneSimulator.Build.0 = Release|Any CPU
		{5B127547-3CF0-401D-9B3F-CAEC4EF78D11}.Release|iPhoneSimulator.Deploy.0 = Release|Any CPU
		{5B127547-3CF0-401D-9B3F-CAEC4EF78D11}.Release|x64.ActiveCfg = Release|Any CPU
		{5B127547-3CF0-401D-9B3F-CAEC4EF78D11}.Release|x64.Build.0 = Release|Any CPU
		{5B127547-3CF0-401D-9B3F-CAEC4EF78D11}.Release|x64.Deploy.0 = Release|Any CPU
		{5B127547-3CF0-401D-9B3F-CAEC4EF78D11}.Release|x86.ActiveCfg = Release|Any CPU
		{5B127547-3CF0-401D-9B3F-CAEC4EF78D11}.Release|x86.Build.0 = Release|Any CPU
		{5B127547-3CF0-401D-9B3F-CAEC4EF78D11}.Release|x86.Deploy.0 = Release|Any CPU
	EndGlobalSection
	GlobalSection(SolutionProperties) = preSolution
		HideSolutionNode = FALSE
	EndGlobalSection
	GlobalSection(ExtensibilityGlobals) = postSolution
		SolutionGuid = {F460FA3E-A4B0-4F13-A200-1142ABFDF1B3}
	EndGlobalSection
EndGlobal
