
Microsoft Visual Studio Solution File, Format Version 12.00
# Visual Studio 15
VisualStudioVersion = 15.0.28010.2016
MinimumVisualStudioVersion = 10.0.40219.1
Project("{FAE04EC0-301F-11D3-BF4B-00C04F79EFBC}") = "PalletLoaderXam.Android", "PalletLoaderXam\PalletLoaderXam.Android\PalletLoaderXam.Android.csproj", "{E8458226-2EF7-424A-8CB8-88ECD4FC46BD}"
EndProject
Project("{FAE04EC0-301F-11D3-BF4B-00C04F79EFBC}") = "PalletLoaderXam.iOS", "PalletLoaderXam\PalletLoaderXam.iOS\PalletLoaderXam.iOS.csproj", "{6F03BE15-F11A-40D0-B3E0-C0B1BCB0B8B0}"
EndProject
Project("{FAE04EC0-301F-11D3-BF4B-00C04F79EFBC}") = "PalletLoaderXam.UWP", "PalletLoaderXam\PalletLoaderXam.UWP\PalletLoaderXam.UWP.csproj", "{21C2E6BA-5B9B-46D7-93E3-907E2104BD0F}"
EndProject
Project("{FAE04EC0-301F-11D3-BF4B-00C04F79EFBC}") = "PalletLoaderXam", "PalletLoaderXam\PalletLoaderXam\PalletLoaderXam.csproj", "{76DCC241-5148-4ADA-9C40-842C81DC2561}"
EndProject
Global
	GlobalSection(SolutionConfigurationPlatforms) = preSolution
		Ad-Hoc|Any CPU = Ad-Hoc|Any CPU
		Ad-Hoc|ARM = Ad-Hoc|ARM
		Ad-Hoc|iPhone = Ad-Hoc|iPhone
		Ad-Hoc|iPhoneSimulator = Ad-Hoc|iPhoneSimulator
		Ad-Hoc|x64 = Ad-Hoc|x64
		Ad-Hoc|x86 = Ad-Hoc|x86
		AppStore|Any CPU = AppStore|Any CPU
		AppStore|ARM = AppStore|ARM
		AppStore|iPhone = AppStore|iPhone
		AppStore|iPhoneSimulator = AppStore|iPhoneSimulator
		AppStore|x64 = AppStore|x64
		AppStore|x86 = AppStore|x86
		Debug|Any CPU = Debug|Any CPU
		Debug|ARM = Debug|ARM
		Debug|iPhone = Debug|iPhone
		Debug|iPhoneSimulator = Debug|iPhoneSimulator
		Debug|x64 = Debug|x64
		Debug|x86 = Debug|x86
		Release|Any CPU = Release|Any CPU
		Release|ARM = Release|ARM
		Release|iPhone = Release|iPhone
		Release|iPhoneSimulator = Release|iPhoneSimulator
		Release|x64 = Release|x64
		Release|x86 = Release|x86
	EndGlobalSection
	GlobalSection(ProjectConfigurationPlatforms) = postSolution
		{E8458226-2EF7-424A-8CB8-88ECD4FC46BD}.Ad-Hoc|Any CPU.ActiveCfg = Release|Any CPU
		{E8458226-2EF7-424A-8CB8-88ECD4FC46BD}.Ad-Hoc|Any CPU.Build.0 = Release|Any CPU
		{E8458226-2EF7-424A-8CB8-88ECD4FC46BD}.Ad-Hoc|Any CPU.Deploy.0 = Release|Any CPU
		{E8458226-2EF7-424A-8CB8-88ECD4FC46BD}.Ad-Hoc|ARM.ActiveCfg = Release|Any CPU
		{E8458226-2EF7-424A-8CB8-88ECD4FC46BD}.Ad-Hoc|ARM.Build.0 = Release|Any CPU
		{E8458226-2EF7-424A-8CB8-88ECD4FC46BD}.Ad-Hoc|ARM.Deploy.0 = Release|Any CPU
		{E8458226-2EF7-424A-8CB8-88ECD4FC46BD}.Ad-Hoc|iPhone.ActiveCfg = Release|Any CPU
		{E8458226-2EF7-424A-8CB8-88ECD4FC46BD}.Ad-Hoc|iPhone.Build.0 = Release|Any CPU
		{E8458226-2EF7-424A-8CB8-88ECD4FC46BD}.Ad-Hoc|iPhone.Deploy.0 = Release|Any CPU
		{E8458226-2EF7-424A-8CB8-88ECD4FC46BD}.Ad-Hoc|iPhoneSimulator.ActiveCfg = Release|Any CPU
		{E8458226-2EF7-424A-8CB8-88ECD4FC46BD}.Ad-Hoc|iPhoneSimulator.Build.0 = Release|Any CPU
		{E8458226-2EF7-424A-8CB8-88ECD4FC46BD}.Ad-Hoc|iPhoneSimulator.Deploy.0 = Release|Any CPU
		{E8458226-2EF7-424A-8CB8-88ECD4FC46BD}.Ad-Hoc|x64.ActiveCfg = Release|Any CPU
		{E8458226-2EF7-424A-8CB8-88ECD4FC46BD}.Ad-Hoc|x64.Build.0 = Release|Any CPU
		{E8458226-2EF7-424A-8CB8-88ECD4FC46BD}.Ad-Hoc|x64.Deploy.0 = Release|Any CPU
		{E8458226-2EF7-424A-8CB8-88ECD4FC46BD}.Ad-Hoc|x86.ActiveCfg = Release|Any CPU
		{E8458226-2EF7-424A-8CB8-88ECD4FC46BD}.Ad-Hoc|x86.Build.0 = Release|Any CPU
		{E8458226-2EF7-424A-8CB8-88ECD4FC46BD}.Ad-Hoc|x86.Deploy.0 = Release|Any CPU
		{E8458226-2EF7-424A-8CB8-88ECD4FC46BD}.AppStore|Any CPU.ActiveCfg = Release|Any CPU
		{E8458226-2EF7-424A-8CB8-88ECD4FC46BD}.AppStore|Any CPU.Build.0 = Release|Any CPU
		{E8458226-2EF7-424A-8CB8-88ECD4FC46BD}.AppStore|Any CPU.Deploy.0 = Release|Any CPU
		{E8458226-2EF7-424A-8CB8-88ECD4FC46BD}.AppStore|ARM.ActiveCfg = Release|Any CPU
		{E8458226-2EF7-424A-8CB8-88ECD4FC46BD}.AppStore|ARM.Build.0 = Release|Any CPU
		{E8458226-2EF7-424A-8CB8-88ECD4FC46BD}.AppStore|ARM.Deploy.0 = Release|Any CPU
		{E8458226-2EF7-424A-8CB8-88ECD4FC46BD}.AppStore|iPhone.ActiveCfg = Release|Any CPU
		{E8458226-2EF7-424A-8CB8-88ECD4FC46BD}.AppStore|iPhone.Build.0 = Release|Any CPU
		{E8458226-2EF7-424A-8CB8-88ECD4FC46BD}.AppStore|iPhone.Deploy.0 = Release|Any CPU
		{E8458226-2EF7-424A-8CB8-88ECD4FC46BD}.AppStore|iPhoneSimulator.ActiveCfg = Release|Any CPU
		{E8458226-2EF7-424A-8CB8-88ECD4FC46BD}.AppStore|iPhoneSimulator.Build.0 = Release|Any CPU
		{E8458226-2EF7-424A-8CB8-88ECD4FC46BD}.AppStore|iPhoneSimulator.Deploy.0 = Release|Any CPU
		{E8458226-2EF7-424A-8CB8-88ECD4FC46BD}.AppStore|x64.ActiveCfg = Release|Any CPU
		{E8458226-2EF7-424A-8CB8-88ECD4FC46BD}.AppStore|x64.Build.0 = Release|Any CPU
		{E8458226-2EF7-424A-8CB8-88ECD4FC46BD}.AppStore|x64.Deploy.0 = Release|Any CPU
		{E8458226-2EF7-424A-8CB8-88ECD4FC46BD}.AppStore|x86.ActiveCfg = Release|Any CPU
		{E8458226-2EF7-424A-8CB8-88ECD4FC46BD}.AppStore|x86.Build.0 = Release|Any CPU
		{E8458226-2EF7-424A-8CB8-88ECD4FC46BD}.AppStore|x86.Deploy.0 = Release|Any CPU
		{E8458226-2EF7-424A-8CB8-88ECD4FC46BD}.Debug|Any CPU.ActiveCfg = Debug|Any CPU
		{E8458226-2EF7-424A-8CB8-88ECD4FC46BD}.Debug|Any CPU.Build.0 = Debug|Any CPU
		{E8458226-2EF7-424A-8CB8-88ECD4FC46BD}.Debug|Any CPU.Deploy.0 = Debug|Any CPU
		{E8458226-2EF7-424A-8CB8-88ECD4FC46BD}.Debug|ARM.ActiveCfg = Debug|Any CPU
		{E8458226-2EF7-424A-8CB8-88ECD4FC46BD}.Debug|ARM.Build.0 = Debug|Any CPU
		{E8458226-2EF7-424A-8CB8-88ECD4FC46BD}.Debug|ARM.Deploy.0 = Debug|Any CPU
		{E8458226-2EF7-424A-8CB8-88ECD4FC46BD}.Debug|iPhone.ActiveCfg = Debug|Any CPU
		{E8458226-2EF7-424A-8CB8-88ECD4FC46BD}.Debug|iPhone.Build.0 = Debug|Any CPU
		{E8458226-2EF7-424A-8CB8-88ECD4FC46BD}.Debug|iPhone.Deploy.0 = Debug|Any CPU
		{E8458226-2EF7-424A-8CB8-88ECD4FC46BD}.Debug|iPhoneSimulator.ActiveCfg = Debug|Any CPU
		{E8458226-2EF7-424A-8CB8-88ECD4FC46BD}.Debug|iPhoneSimulator.Build.0 = Debug|Any CPU
		{E8458226-2EF7-424A-8CB8-88ECD4FC46BD}.Debug|iPhoneSimulator.Deploy.0 = Debug|Any CPU
		{E8458226-2EF7-424A-8CB8-88ECD4FC46BD}.Debug|x64.ActiveCfg = Debug|Any CPU
		{E8458226-2EF7-424A-8CB8-88ECD4FC46BD}.Debug|x64.Build.0 = Debug|Any CPU
		{E8458226-2EF7-424A-8CB8-88ECD4FC46BD}.Debug|x64.Deploy.0 = Debug|Any CPU
		{E8458226-2EF7-424A-8CB8-88ECD4FC46BD}.Debug|x86.ActiveCfg = Debug|Any CPU
		{E8458226-2EF7-424A-8CB8-88ECD4FC46BD}.Debug|x86.Build.0 = Debug|Any CPU
		{E8458226-2EF7-424A-8CB8-88ECD4FC46BD}.Debug|x86.Deploy.0 = Debug|Any CPU
		{E8458226-2EF7-424A-8CB8-88ECD4FC46BD}.Release|Any CPU.ActiveCfg = Release|Any CPU
		{E8458226-2EF7-424A-8CB8-88ECD4FC46BD}.Release|Any CPU.Build.0 = Release|Any CPU
		{E8458226-2EF7-424A-8CB8-88ECD4FC46BD}.Release|Any CPU.Deploy.0 = Release|Any CPU
		{E8458226-2EF7-424A-8CB8-88ECD4FC46BD}.Release|ARM.ActiveCfg = Release|Any CPU
		{E8458226-2EF7-424A-8CB8-88ECD4FC46BD}.Release|ARM.Build.0 = Release|Any CPU
		{E8458226-2EF7-424A-8CB8-88ECD4FC46BD}.Release|ARM.Deploy.0 = Release|Any CPU
		{E8458226-2EF7-424A-8CB8-88ECD4FC46BD}.Release|iPhone.ActiveCfg = Release|Any CPU
		{E8458226-2EF7-424A-8CB8-88ECD4FC46BD}.Release|iPhone.Build.0 = Release|Any CPU
		{E8458226-2EF7-424A-8CB8-88ECD4FC46BD}.Release|iPhone.Deploy.0 = Release|Any CPU
		{E8458226-2EF7-424A-8CB8-88ECD4FC46BD}.Release|iPhoneSimulator.ActiveCfg = Release|Any CPU
		{E8458226-2EF7-424A-8CB8-88ECD4FC46BD}.Release|iPhoneSimulator.Build.0 = Release|Any CPU
		{E8458226-2EF7-424A-8CB8-88ECD4FC46BD}.Release|iPhoneSimulator.Deploy.0 = Release|Any CPU
		{E8458226-2EF7-424A-8CB8-88ECD4FC46BD}.Release|x64.ActiveCfg = Release|Any CPU
		{E8458226-2EF7-424A-8CB8-88ECD4FC46BD}.Release|x64.Build.0 = Release|Any CPU
		{E8458226-2EF7-424A-8CB8-88ECD4FC46BD}.Release|x64.Deploy.0 = Release|Any CPU
		{E8458226-2EF7-424A-8CB8-88ECD4FC46BD}.Release|x86.ActiveCfg = Release|Any CPU
		{E8458226-2EF7-424A-8CB8-88ECD4FC46BD}.Release|x86.Build.0 = Release|Any CPU
		{E8458226-2EF7-424A-8CB8-88ECD4FC46BD}.Release|x86.Deploy.0 = Release|Any CPU
		{6F03BE15-F11A-40D0-B3E0-C0B1BCB0B8B0}.Ad-Hoc|Any CPU.ActiveCfg = Ad-Hoc|iPhone
		{6F03BE15-F11A-40D0-B3E0-C0B1BCB0B8B0}.Ad-Hoc|Any CPU.Build.0 = Ad-Hoc|iPhone
		{6F03BE15-F11A-40D0-B3E0-C0B1BCB0B8B0}.Ad-Hoc|Any CPU.Deploy.0 = Ad-Hoc|iPhone
		{6F03BE15-F11A-40D0-B3E0-C0B1BCB0B8B0}.Ad-Hoc|ARM.ActiveCfg = Ad-Hoc|iPhone
		{6F03BE15-F11A-40D0-B3E0-C0B1BCB0B8B0}.Ad-Hoc|ARM.Build.0 = Ad-Hoc|iPhone
		{6F03BE15-F11A-40D0-B3E0-C0B1BCB0B8B0}.Ad-Hoc|ARM.Deploy.0 = Ad-Hoc|iPhone
		{6F03BE15-F11A-40D0-B3E0-C0B1BCB0B8B0}.Ad-Hoc|iPhone.ActiveCfg = Ad-Hoc|iPhone
		{6F03BE15-F11A-40D0-B3E0-C0B1BCB0B8B0}.Ad-Hoc|iPhone.Build.0 = Ad-Hoc|iPhone
		{6F03BE15-F11A-40D0-B3E0-C0B1BCB0B8B0}.Ad-Hoc|iPhone.Deploy.0 = Ad-Hoc|iPhone
		{6F03BE15-F11A-40D0-B3E0-C0B1BCB0B8B0}.Ad-Hoc|iPhoneSimulator.ActiveCfg = Ad-Hoc|iPhoneSimulator
		{6F03BE15-F11A-40D0-B3E0-C0B1BCB0B8B0}.Ad-Hoc|iPhoneSimulator.Build.0 = Ad-Hoc|iPhoneSimulator
		{6F03BE15-F11A-40D0-B3E0-C0B1BCB0B8B0}.Ad-Hoc|iPhoneSimulator.Deploy.0 = Ad-Hoc|iPhoneSimulator
		{6F03BE15-F11A-40D0-B3E0-C0B1BCB0B8B0}.Ad-Hoc|x64.ActiveCfg = Ad-Hoc|iPhone
		{6F03BE15-F11A-40D0-B3E0-C0B1BCB0B8B0}.Ad-Hoc|x64.Build.0 = Ad-Hoc|iPhone
		{6F03BE15-F11A-40D0-B3E0-C0B1BCB0B8B0}.Ad-Hoc|x64.Deploy.0 = Ad-Hoc|iPhone
		{6F03BE15-F11A-40D0-B3E0-C0B1BCB0B8B0}.Ad-Hoc|x86.ActiveCfg = Ad-Hoc|iPhone
		{6F03BE15-F11A-40D0-B3E0-C0B1BCB0B8B0}.Ad-Hoc|x86.Build.0 = Ad-Hoc|iPhone
		{6F03BE15-F11A-40D0-B3E0-C0B1BCB0B8B0}.Ad-Hoc|x86.Deploy.0 = Ad-Hoc|iPhone
		{6F03BE15-F11A-40D0-B3E0-C0B1BCB0B8B0}.AppStore|Any CPU.ActiveCfg = AppStore|iPhone
		{6F03BE15-F11A-40D0-B3E0-C0B1BCB0B8B0}.AppStore|Any CPU.Build.0 = AppStore|iPhone
		{6F03BE15-F11A-40D0-B3E0-C0B1BCB0B8B0}.AppStore|Any CPU.Deploy.0 = AppStore|iPhone
		{6F03BE15-F11A-40D0-B3E0-C0B1BCB0B8B0}.AppStore|ARM.ActiveCfg = AppStore|iPhone
		{6F03BE15-F11A-40D0-B3E0-C0B1BCB0B8B0}.AppStore|ARM.Build.0 = AppStore|iPhone
		{6F03BE15-F11A-40D0-B3E0-C0B1BCB0B8B0}.AppStore|ARM.Deploy.0 = AppStore|iPhone
		{6F03BE15-F11A-40D0-B3E0-C0B1BCB0B8B0}.AppStore|iPhone.ActiveCfg = AppStore|iPhone
		{6F03BE15-F11A-40D0-B3E0-C0B1BCB0B8B0}.AppStore|iPhone.Build.0 = AppStore|iPhone
		{6F03BE15-F11A-40D0-B3E0-C0B1BCB0B8B0}.AppStore|iPhone.Deploy.0 = AppStore|iPhone
		{6F03BE15-F11A-40D0-B3E0-C0B1BCB0B8B0}.AppStore|iPhoneSimulator.ActiveCfg = AppStore|iPhoneSimulator
		{6F03BE15-F11A-40D0-B3E0-C0B1BCB0B8B0}.AppStore|iPhoneSimulator.Build.0 = AppStore|iPhoneSimulator
		{6F03BE15-F11A-40D0-B3E0-C0B1BCB0B8B0}.AppStore|iPhoneSimulator.Deploy.0 = AppStore|iPhoneSimulator
		{6F03BE15-F11A-40D0-B3E0-C0B1BCB0B8B0}.AppStore|x64.ActiveCfg = AppStore|iPhone
		{6F03BE15-F11A-40D0-B3E0-C0B1BCB0B8B0}.AppStore|x64.Build.0 = AppStore|iPhone
		{6F03BE15-F11A-40D0-B3E0-C0B1BCB0B8B0}.AppStore|x64.Deploy.0 = AppStore|iPhone
		{6F03BE15-F11A-40D0-B3E0-C0B1BCB0B8B0}.AppStore|x86.ActiveCfg = AppStore|iPhone
		{6F03BE15-F11A-40D0-B3E0-C0B1BCB0B8B0}.AppStore|x86.Build.0 = AppStore|iPhone
		{6F03BE15-F11A-40D0-B3E0-C0B1BCB0B8B0}.AppStore|x86.Deploy.0 = AppStore|iPhone
		{6F03BE15-F11A-40D0-B3E0-C0B1BCB0B8B0}.Debug|Any CPU.ActiveCfg = Debug|iPhoneSimulator
		{6F03BE15-F11A-40D0-B3E0-C0B1BCB0B8B0}.Debug|Any CPU.Build.0 = Debug|iPhoneSimulator
		{6F03BE15-F11A-40D0-B3E0-C0B1BCB0B8B0}.Debug|Any CPU.Deploy.0 = Debug|iPhoneSimulator
		{6F03BE15-F11A-40D0-B3E0-C0B1BCB0B8B0}.Debug|ARM.ActiveCfg = Debug|iPhone
		{6F03BE15-F11A-40D0-B3E0-C0B1BCB0B8B0}.Debug|ARM.Build.0 = Debug|iPhone
		{6F03BE15-F11A-40D0-B3E0-C0B1BCB0B8B0}.Debug|ARM.Deploy.0 = Debug|iPhone
		{6F03BE15-F11A-40D0-B3E0-C0B1BCB0B8B0}.Debug|iPhone.ActiveCfg = Debug|iPhone
		{6F03BE15-F11A-40D0-B3E0-C0B1BCB0B8B0}.Debug|iPhone.Build.0 = Debug|iPhone
		{6F03BE15-F11A-40D0-B3E0-C0B1BCB0B8B0}.Debug|iPhone.Deploy.0 = Debug|iPhone
		{6F03BE15-F11A-40D0-B3E0-C0B1BCB0B8B0}.Debug|iPhoneSimulator.ActiveCfg = Debug|iPhoneSimulator
		{6F03BE15-F11A-40D0-B3E0-C0B1BCB0B8B0}.Debug|iPhoneSimulator.Build.0 = Debug|iPhoneSimulator
		{6F03BE15-F11A-40D0-B3E0-C0B1BCB0B8B0}.Debug|iPhoneSimulator.Deploy.0 = Debug|iPhoneSimulator
		{6F03BE15-F11A-40D0-B3E0-C0B1BCB0B8B0}.Debug|x64.ActiveCfg = Debug|iPhone
		{6F03BE15-F11A-40D0-B3E0-C0B1BCB0B8B0}.Debug|x64.Build.0 = Debug|iPhone
		{6F03BE15-F11A-40D0-B3E0-C0B1BCB0B8B0}.Debug|x64.Deploy.0 = Debug|iPhone
		{6F03BE15-F11A-40D0-B3E0-C0B1BCB0B8B0}.Debug|x86.ActiveCfg = Debug|iPhone
		{6F03BE15-F11A-40D0-B3E0-C0B1BCB0B8B0}.Debug|x86.Build.0 = Debug|iPhone
		{6F03BE15-F11A-40D0-B3E0-C0B1BCB0B8B0}.Debug|x86.Deploy.0 = Debug|iPhone
		{6F03BE15-F11A-40D0-B3E0-C0B1BCB0B8B0}.Release|Any CPU.ActiveCfg = Release|iPhone
		{6F03BE15-F11A-40D0-B3E0-C0B1BCB0B8B0}.Release|Any CPU.Build.0 = Release|iPhone
		{6F03BE15-F11A-40D0-B3E0-C0B1BCB0B8B0}.Release|Any CPU.Deploy.0 = Release|iPhone
		{6F03BE15-F11A-40D0-B3E0-C0B1BCB0B8B0}.Release|ARM.ActiveCfg = Release|iPhone
		{6F03BE15-F11A-40D0-B3E0-C0B1BCB0B8B0}.Release|ARM.Build.0 = Release|iPhone
		{6F03BE15-F11A-40D0-B3E0-C0B1BCB0B8B0}.Release|ARM.Deploy.0 = Release|iPhone
		{6F03BE15-F11A-40D0-B3E0-C0B1BCB0B8B0}.Release|iPhone.ActiveCfg = Release|iPhone
		{6F03BE15-F11A-40D0-B3E0-C0B1BCB0B8B0}.Release|iPhone.Build.0 = Release|iPhone
		{6F03BE15-F11A-40D0-B3E0-C0B1BCB0B8B0}.Release|iPhone.Deploy.0 = Release|iPhone
		{6F03BE15-F11A-40D0-B3E0-C0B1BCB0B8B0}.Release|iPhoneSimulator.ActiveCfg = Release|iPhoneSimulator
		{6F03BE15-F11A-40D0-B3E0-C0B1BCB0B8B0}.Release|iPhoneSimulator.Build.0 = Release|iPhoneSimulator
		{6F03BE15-F11A-40D0-B3E0-C0B1BCB0B8B0}.Release|iPhoneSimulator.Deploy.0 = Release|iPhoneSimulator
		{6F03BE15-F11A-40D0-B3E0-C0B1BCB0B8B0}.Release|x64.ActiveCfg = Release|iPhone
		{6F03BE15-F11A-40D0-B3E0-C0B1BCB0B8B0}.Release|x64.Build.0 = Release|iPhone
		{6F03BE15-F11A-40D0-B3E0-C0B1BCB0B8B0}.Release|x64.Deploy.0 = Release|iPhone
		{6F03BE15-F11A-40D0-B3E0-C0B1BCB0B8B0}.Release|x86.ActiveCfg = Release|iPhone
		{6F03BE15-F11A-40D0-B3E0-C0B1BCB0B8B0}.Release|x86.Build.0 = Release|iPhone
		{6F03BE15-F11A-40D0-B3E0-C0B1BCB0B8B0}.Release|x86.Deploy.0 = Release|iPhone
		{21C2E6BA-5B9B-46D7-93E3-907E2104BD0F}.Ad-Hoc|Any CPU.ActiveCfg = Release|x86
		{21C2E6BA-5B9B-46D7-93E3-907E2104BD0F}.Ad-Hoc|Any CPU.Build.0 = Release|x86
		{21C2E6BA-5B9B-46D7-93E3-907E2104BD0F}.Ad-Hoc|Any CPU.Deploy.0 = Release|x86
		{21C2E6BA-5B9B-46D7-93E3-907E2104BD0F}.Ad-Hoc|ARM.ActiveCfg = Release|ARM
		{21C2E6BA-5B9B-46D7-93E3-907E2104BD0F}.Ad-Hoc|ARM.Build.0 = Release|ARM
		{21C2E6BA-5B9B-46D7-93E3-907E2104BD0F}.Ad-Hoc|ARM.Deploy.0 = Release|ARM
		{21C2E6BA-5B9B-46D7-93E3-907E2104BD0F}.Ad-Hoc|iPhone.ActiveCfg = Release|x86
		{21C2E6BA-5B9B-46D7-93E3-907E2104BD0F}.Ad-Hoc|iPhone.Build.0 = Release|x86
		{21C2E6BA-5B9B-46D7-93E3-907E2104BD0F}.Ad-Hoc|iPhone.Deploy.0 = Release|x86
		{21C2E6BA-5B9B-46D7-93E3-907E2104BD0F}.Ad-Hoc|iPhoneSimulator.ActiveCfg = Release|x86
		{21C2E6BA-5B9B-46D7-93E3-907E2104BD0F}.Ad-Hoc|iPhoneSimulator.Build.0 = Release|x86
		{21C2E6BA-5B9B-46D7-93E3-907E2104BD0F}.Ad-Hoc|iPhoneSimulator.Deploy.0 = Release|x86
		{21C2E6BA-5B9B-46D7-93E3-907E2104BD0F}.Ad-Hoc|x64.ActiveCfg = Release|x64
		{21C2E6BA-5B9B-46D7-93E3-907E2104BD0F}.Ad-Hoc|x64.Build.0 = Release|x64
		{21C2E6BA-5B9B-46D7-93E3-907E2104BD0F}.Ad-Hoc|x64.Deploy.0 = Release|x64
		{21C2E6BA-5B9B-46D7-93E3-907E2104BD0F}.Ad-Hoc|x86.ActiveCfg = Release|x86
		{21C2E6BA-5B9B-46D7-93E3-907E2104BD0F}.Ad-Hoc|x86.Build.0 = Release|x86
		{21C2E6BA-5B9B-46D7-93E3-907E2104BD0F}.Ad-Hoc|x86.Deploy.0 = Release|x86
		{21C2E6BA-5B9B-46D7-93E3-907E2104BD0F}.AppStore|Any CPU.ActiveCfg = Release|x86
		{21C2E6BA-5B9B-46D7-93E3-907E2104BD0F}.AppStore|Any CPU.Build.0 = Release|x86
		{21C2E6BA-5B9B-46D7-93E3-907E2104BD0F}.AppStore|Any CPU.Deploy.0 = Release|x86
		{21C2E6BA-5B9B-46D7-93E3-907E2104BD0F}.AppStore|ARM.ActiveCfg = Release|ARM
		{21C2E6BA-5B9B-46D7-93E3-907E2104BD0F}.AppStore|ARM.Build.0 = Release|ARM
		{21C2E6BA-5B9B-46D7-93E3-907E2104BD0F}.AppStore|ARM.Deploy.0 = Release|ARM
		{21C2E6BA-5B9B-46D7-93E3-907E2104BD0F}.AppStore|iPhone.ActiveCfg = Release|x86
		{21C2E6BA-5B9B-46D7-93E3-907E2104BD0F}.AppStore|iPhone.Build.0 = Release|x86
		{21C2E6BA-5B9B-46D7-93E3-907E2104BD0F}.AppStore|iPhone.Deploy.0 = Release|x86
		{21C2E6BA-5B9B-46D7-93E3-907E2104BD0F}.AppStore|iPhoneSimulator.ActiveCfg = Release|x86
		{21C2E6BA-5B9B-46D7-93E3-907E2104BD0F}.AppStore|iPhoneSimulator.Build.0 = Release|x86
		{21C2E6BA-5B9B-46D7-93E3-907E2104BD0F}.AppStore|iPhoneSimulator.Deploy.0 = Release|x86
		{21C2E6BA-5B9B-46D7-93E3-907E2104BD0F}.AppStore|x64.ActiveCfg = Release|x64
		{21C2E6BA-5B9B-46D7-93E3-907E2104BD0F}.AppStore|x64.Build.0 = Release|x64
		{21C2E6BA-5B9B-46D7-93E3-907E2104BD0F}.AppStore|x64.Deploy.0 = Release|x64
		{21C2E6BA-5B9B-46D7-93E3-907E2104BD0F}.AppStore|x86.ActiveCfg = Release|x86
		{21C2E6BA-5B9B-46D7-93E3-907E2104BD0F}.AppStore|x86.Build.0 = Release|x86
		{21C2E6BA-5B9B-46D7-93E3-907E2104BD0F}.AppStore|x86.Deploy.0 = Release|x86
		{21C2E6BA-5B9B-46D7-93E3-907E2104BD0F}.Debug|Any CPU.ActiveCfg = Debug|x86
		{21C2E6BA-5B9B-46D7-93E3-907E2104BD0F}.Debug|Any CPU.Build.0 = Debug|x86
		{21C2E6BA-5B9B-46D7-93E3-907E2104BD0F}.Debug|Any CPU.Deploy.0 = Debug|x86
		{21C2E6BA-5B9B-46D7-93E3-907E2104BD0F}.Debug|ARM.ActiveCfg = Debug|ARM
		{21C2E6BA-5B9B-46D7-93E3-907E2104BD0F}.Debug|ARM.Build.0 = Debug|ARM
		{21C2E6BA-5B9B-46D7-93E3-907E2104BD0F}.Debug|ARM.Deploy.0 = Debug|ARM
		{21C2E6BA-5B9B-46D7-93E3-907E2104BD0F}.Debug|iPhone.ActiveCfg = Debug|x86
		{21C2E6BA-5B9B-46D7-93E3-907E2104BD0F}.Debug|iPhone.Build.0 = Debug|x86
		{21C2E6BA-5B9B-46D7-93E3-907E2104BD0F}.Debug|iPhone.Deploy.0 = Debug|x86
		{21C2E6BA-5B9B-46D7-93E3-907E2104BD0F}.Debug|iPhoneSimulator.ActiveCfg = Debug|x86
		{21C2E6BA-5B9B-46D7-93E3-907E2104BD0F}.Debug|iPhoneSimulator.Build.0 = Debug|x86
		{21C2E6BA-5B9B-46D7-93E3-907E2104BD0F}.Debug|iPhoneSimulator.Deploy.0 = Debug|x86
		{21C2E6BA-5B9B-46D7-93E3-907E2104BD0F}.Debug|x64.ActiveCfg = Debug|x64
		{21C2E6BA-5B9B-46D7-93E3-907E2104BD0F}.Debug|x64.Build.0 = Debug|x64
		{21C2E6BA-5B9B-46D7-93E3-907E2104BD0F}.Debug|x64.Deploy.0 = Debug|x64
		{21C2E6BA-5B9B-46D7-93E3-907E2104BD0F}.Debug|x86.ActiveCfg = Debug|x86
		{21C2E6BA-5B9B-46D7-93E3-907E2104BD0F}.Debug|x86.Build.0 = Debug|x86
		{21C2E6BA-5B9B-46D7-93E3-907E2104BD0F}.Debug|x86.Deploy.0 = Debug|x86
		{21C2E6BA-5B9B-46D7-93E3-907E2104BD0F}.Release|Any CPU.ActiveCfg = Release|x86
		{21C2E6BA-5B9B-46D7-93E3-907E2104BD0F}.Release|Any CPU.Build.0 = Release|x86
		{21C2E6BA-5B9B-46D7-93E3-907E2104BD0F}.Release|Any CPU.Deploy.0 = Release|x86
		{21C2E6BA-5B9B-46D7-93E3-907E2104BD0F}.Release|ARM.ActiveCfg = Release|ARM
		{21C2E6BA-5B9B-46D7-93E3-907E2104BD0F}.Release|ARM.Build.0 = Release|ARM
		{21C2E6BA-5B9B-46D7-93E3-907E2104BD0F}.Release|ARM.Deploy.0 = Release|ARM
		{21C2E6BA-5B9B-46D7-93E3-907E2104BD0F}.Release|iPhone.ActiveCfg = Release|x86
		{21C2E6BA-5B9B-46D7-93E3-907E2104BD0F}.Release|iPhone.Build.0 = Release|x86
		{21C2E6BA-5B9B-46D7-93E3-907E2104BD0F}.Release|iPhone.Deploy.0 = Release|x86
		{21C2E6BA-5B9B-46D7-93E3-907E2104BD0F}.Release|iPhoneSimulator.ActiveCfg = Release|x86
		{21C2E6BA-5B9B-46D7-93E3-907E2104BD0F}.Release|iPhoneSimulator.Build.0 = Release|x86
		{21C2E6BA-5B9B-46D7-93E3-907E2104BD0F}.Release|iPhoneSimulator.Deploy.0 = Release|x86
		{21C2E6BA-5B9B-46D7-93E3-907E2104BD0F}.Release|x64.ActiveCfg = Release|x64
		{21C2E6BA-5B9B-46D7-93E3-907E2104BD0F}.Release|x64.Build.0 = Release|x64
		{21C2E6BA-5B9B-46D7-93E3-907E2104BD0F}.Release|x64.Deploy.0 = Release|x64
		{21C2E6BA-5B9B-46D7-93E3-907E2104BD0F}.Release|x86.ActiveCfg = Release|x86
		{21C2E6BA-5B9B-46D7-93E3-907E2104BD0F}.Release|x86.Build.0 = Release|x86
		{21C2E6BA-5B9B-46D7-93E3-907E2104BD0F}.Release|x86.Deploy.0 = Release|x86
		{76DCC241-5148-4ADA-9C40-842C81DC2561}.Ad-Hoc|Any CPU.ActiveCfg = Debug|Any CPU
		{76DCC241-5148-4ADA-9C40-842C81DC2561}.Ad-Hoc|Any CPU.Build.0 = Debug|Any CPU
		{76DCC241-5148-4ADA-9C40-842C81DC2561}.Ad-Hoc|Any CPU.Deploy.0 = Debug|Any CPU
		{76DCC241-5148-4ADA-9C40-842C81DC2561}.Ad-Hoc|ARM.ActiveCfg = Debug|Any CPU
		{76DCC241-5148-4ADA-9C40-842C81DC2561}.Ad-Hoc|ARM.Build.0 = Debug|Any CPU
		{76DCC241-5148-4ADA-9C40-842C81DC2561}.Ad-Hoc|ARM.Deploy.0 = Debug|Any CPU
		{76DCC241-5148-4ADA-9C40-842C81DC2561}.Ad-Hoc|iPhone.ActiveCfg = Debug|Any CPU
		{76DCC241-5148-4ADA-9C40-842C81DC2561}.Ad-Hoc|iPhone.Build.0 = Debug|Any CPU
		{76DCC241-5148-4ADA-9C40-842C81DC2561}.Ad-Hoc|iPhone.Deploy.0 = Debug|Any CPU
		{76DCC241-5148-4ADA-9C40-842C81DC2561}.Ad-Hoc|iPhoneSimulator.ActiveCfg = Debug|Any CPU
		{76DCC241-5148-4ADA-9C40-842C81DC2561}.Ad-Hoc|iPhoneSimulator.Build.0 = Debug|Any CPU
		{76DCC241-5148-4ADA-9C40-842C81DC2561}.Ad-Hoc|iPhoneSimulator.Deploy.0 = Debug|Any CPU
		{76DCC241-5148-4ADA-9C40-842C81DC2561}.Ad-Hoc|x64.ActiveCfg = Debug|Any CPU
		{76DCC241-5148-4ADA-9C40-842C81DC2561}.Ad-Hoc|x64.Build.0 = Debug|Any CPU
		{76DCC241-5148-4ADA-9C40-842C81DC2561}.Ad-Hoc|x64.Deploy.0 = Debug|Any CPU
		{76DCC241-5148-4ADA-9C40-842C81DC2561}.Ad-Hoc|x86.ActiveCfg = Debug|Any CPU
		{76DCC241-5148-4ADA-9C40-842C81DC2561}.Ad-Hoc|x86.Build.0 = Debug|Any CPU
		{76DCC241-5148-4ADA-9C40-842C81DC2561}.Ad-Hoc|x86.Deploy.0 = Debug|Any CPU
		{76DCC241-5148-4ADA-9C40-842C81DC2561}.AppStore|Any CPU.ActiveCfg = Debug|Any CPU
		{76DCC241-5148-4ADA-9C40-842C81DC2561}.AppStore|Any CPU.Build.0 = Debug|Any CPU
		{76DCC241-5148-4ADA-9C40-842C81DC2561}.AppStore|Any CPU.Deploy.0 = Debug|Any CPU
		{76DCC241-5148-4ADA-9C40-842C81DC2561}.AppStore|ARM.ActiveCfg = Debug|Any CPU
		{76DCC241-5148-4ADA-9C40-842C81DC2561}.AppStore|ARM.Build.0 = Debug|Any CPU
		{76DCC241-5148-4ADA-9C40-842C81DC2561}.AppStore|ARM.Deploy.0 = Debug|Any CPU
		{76DCC241-5148-4ADA-9C40-842C81DC2561}.AppStore|iPhone.ActiveCfg = Debug|Any CPU
		{76DCC241-5148-4ADA-9C40-842C81DC2561}.AppStore|iPhone.Build.0 = Debug|Any CPU
		{76DCC241-5148-4ADA-9C40-842C81DC2561}.AppStore|iPhone.Deploy.0 = Debug|Any CPU
		{76DCC241-5148-4ADA-9C40-842C81DC2561}.AppStore|iPhoneSimulator.ActiveCfg = Debug|Any CPU
		{76DCC241-5148-4ADA-9C40-842C81DC2561}.AppStore|iPhoneSimulator.Build.0 = Debug|Any CPU
		{76DCC241-5148-4ADA-9C40-842C81DC2561}.AppStore|iPhoneSimulator.Deploy.0 = Debug|Any CPU
		{76DCC241-5148-4ADA-9C40-842C81DC2561}.AppStore|x64.ActiveCfg = Debug|Any CPU
		{76DCC241-5148-4ADA-9C40-842C81DC2561}.AppStore|x64.Build.0 = Debug|Any CPU
		{76DCC241-5148-4ADA-9C40-842C81DC2561}.AppStore|x64.Deploy.0 = Debug|Any CPU
		{76DCC241-5148-4ADA-9C40-842C81DC2561}.AppStore|x86.ActiveCfg = Debug|Any CPU
		{76DCC241-5148-4ADA-9C40-842C81DC2561}.AppStore|x86.Build.0 = Debug|Any CPU
		{76DCC241-5148-4ADA-9C40-842C81DC2561}.AppStore|x86.Deploy.0 = Debug|Any CPU
		{76DCC241-5148-4ADA-9C40-842C81DC2561}.Debug|Any CPU.ActiveCfg = Debug|Any CPU
		{76DCC241-5148-4ADA-9C40-842C81DC2561}.Debug|Any CPU.Build.0 = Debug|Any CPU
		{76DCC241-5148-4ADA-9C40-842C81DC2561}.Debug|Any CPU.Deploy.0 = Debug|Any CPU
		{76DCC241-5148-4ADA-9C40-842C81DC2561}.Debug|ARM.ActiveCfg = Debug|Any CPU
		{76DCC241-5148-4ADA-9C40-842C81DC2561}.Debug|ARM.Build.0 = Debug|Any CPU
		{76DCC241-5148-4ADA-9C40-842C81DC2561}.Debug|ARM.Deploy.0 = Debug|Any CPU
		{76DCC241-5148-4ADA-9C40-842C81DC2561}.Debug|iPhone.ActiveCfg = Debug|Any CPU
		{76DCC241-5148-4ADA-9C40-842C81DC2561}.Debug|iPhone.Build.0 = Debug|Any CPU
		{76DCC241-5148-4ADA-9C40-842C81DC2561}.Debug|iPhone.Deploy.0 = Debug|Any CPU
		{76DCC241-5148-4ADA-9C40-842C81DC2561}.Debug|iPhoneSimulator.ActiveCfg = Debug|Any CPU
		{76DCC241-5148-4ADA-9C40-842C81DC2561}.Debug|iPhoneSimulator.Build.0 = Debug|Any CPU
		{76DCC241-5148-4ADA-9C40-842C81DC2561}.Debug|iPhoneSimulator.Deploy.0 = Debug|Any CPU
		{76DCC241-5148-4ADA-9C40-842C81DC2561}.Debug|x64.ActiveCfg = Debug|Any CPU
		{76DCC241-5148-4ADA-9C40-842C81DC2561}.Debug|x64.Build.0 = Debug|Any CPU
		{76DCC241-5148-4ADA-9C40-842C81DC2561}.Debug|x64.Deploy.0 = Debug|Any CPU
		{76DCC241-5148-4ADA-9C40-842C81DC2561}.Debug|x86.ActiveCfg = Debug|Any CPU
		{76DCC241-5148-4ADA-9C40-842C81DC2561}.Debug|x86.Build.0 = Debug|Any CPU
		{76DCC241-5148-4ADA-9C40-842C81DC2561}.Debug|x86.Deploy.0 = Debug|Any CPU
		{76DCC241-5148-4ADA-9C40-842C81DC2561}.Release|Any CPU.ActiveCfg = Release|Any CPU
		{76DCC241-5148-4ADA-9C40-842C81DC2561}.Release|Any CPU.Build.0 = Release|Any CPU
		{76DCC241-5148-4ADA-9C40-842C81DC2561}.Release|Any CPU.Deploy.0 = Release|Any CPU
		{76DCC241-5148-4ADA-9C40-842C81DC2561}.Release|ARM.ActiveCfg = Release|Any CPU
		{76DCC241-5148-4ADA-9C40-842C81DC2561}.Release|ARM.Build.0 = Release|Any CPU
		{76DCC241-5148-4ADA-9C40-842C81DC2561}.Release|ARM.Deploy.0 = Release|Any CPU
		{76DCC241-5148-4ADA-9C40-842C81DC2561}.Release|iPhone.ActiveCfg = Release|Any CPU
		{76DCC241-5148-4ADA-9C40-842C81DC2561}.Release|iPhone.Build.0 = Release|Any CPU
		{76DCC241-5148-4ADA-9C40-842C81DC2561}.Release|iPhone.Deploy.0 = Release|Any CPU
		{76DCC241-5148-4ADA-9C40-842C81DC2561}.Release|iPhoneSimulator.ActiveCfg = Release|Any CPU
		{76DCC241-5148-4ADA-9C40-842C81DC2561}.Release|iPhoneSimulator.Build.0 = Release|Any CPU
		{76DCC241-5148-4ADA-9C40-842C81DC2561}.Release|iPhoneSimulator.Deploy.0 = Release|Any CPU
		{76DCC241-5148-4ADA-9C40-842C81DC2561}.Release|x64.ActiveCfg = Release|Any CPU
		{76DCC241-5148-4ADA-9C40-842C81DC2561}.Release|x64.Build.0 = Release|Any CPU
		{76DCC241-5148-4ADA-9C40-842C81DC2561}.Release|x64.Deploy.0 = Release|Any CPU
		{76DCC241-5148-4ADA-9C40-842C81DC2561}.Release|x86.ActiveCfg = Release|Any CPU
		{76DCC241-5148-4ADA-9C40-842C81DC2561}.Release|x86.Build.0 = Release|Any CPU
		{76DCC241-5148-4ADA-9C40-842C81DC2561}.Release|x86.Deploy.0 = Release|Any CPU
	EndGlobalSection
	GlobalSection(SolutionProperties) = preSolution
		HideSolutionNode = FALSE
	EndGlobalSection
	GlobalSection(ExtensibilityGlobals) = postSolution
		SolutionGuid = {F523529C-EB4F-4BDE-8094-33AD12610AAF}
	EndGlobalSection
EndGlobal
