
Microsoft Visual Studio Solution File, Format Version 12.00
# Visual Studio 15
VisualStudioVersion = 15.0.28010.2016
MinimumVisualStudioVersion = 10.0.40219.1
Project("{FAE04EC0-301F-11D3-BF4B-00C04F79EFBC}") = "PL_Db.Android", "PL_Db\PL_Db.Android\PL_Db.Android.csproj", "{4179A1DE-0EB0-430A-9165-C74DDBC665B4}"
EndProject
Project("{FAE04EC0-301F-11D3-BF4B-00C04F79EFBC}") = "PL_Db.iOS", "PL_Db\PL_Db.iOS\PL_Db.iOS.csproj", "{0D934EB4-BA2F-4836-B583-F3C37747DF98}"
EndProject
Project("{FAE04EC0-301F-11D3-BF4B-00C04F79EFBC}") = "PL_Db.UWP", "PL_Db\PL_Db.UWP\PL_Db.UWP.csproj", "{E314134D-67CF-4ACB-8479-E81C3F5B71A5}"
EndProject
Project("{FAE04EC0-301F-11D3-BF4B-00C04F79EFBC}") = "PL_Db.MobileAppService", "PL_Db\PL_Db.MobileAppService\PL_Db.MobileAppService.csproj", "{0A537425-FA33-45E6-8BCD-445F4A6DF069}"
EndProject
Project("{FAE04EC0-301F-11D3-BF4B-00C04F79EFBC}") = "PL_Db", "PL_Db\PL_Db\PL_Db.csproj", "{7790A020-5EDF-41F6-BA36-9A82753C3AC2}"
EndProject
Global
	GlobalSection(SolutionConfigurationPlatforms) = preSolution
		Debug|Any CPU = Debug|Any CPU
		Debug|ARM = Debug|ARM
		Debug|iPhone = Debug|iPhone
		Debug|iPhoneSimulator = Debug|iPhoneSimulator
		Debug|x64 = Debug|x64
		Debug|x86 = Debug|x86
		Release|Any CPU = Release|Any CPU
		Release|ARM = Release|ARM
		Release|iPhone = Release|iPhone
		Release|iPhoneSimulator = Release|iPhoneSimulator
		Release|x64 = Release|x64
		Release|x86 = Release|x86
	EndGlobalSection
	GlobalSection(ProjectConfigurationPlatforms) = postSolution
		{4179A1DE-0EB0-430A-9165-C74DDBC665B4}.Debug|Any CPU.ActiveCfg = Debug|Any CPU
		{4179A1DE-0EB0-430A-9165-C74DDBC665B4}.Debug|Any CPU.Build.0 = Debug|Any CPU
		{4179A1DE-0EB0-430A-9165-C74DDBC665B4}.Debug|Any CPU.Deploy.0 = Debug|Any CPU
		{4179A1DE-0EB0-430A-9165-C74DDBC665B4}.Debug|ARM.ActiveCfg = Debug|Any CPU
		{4179A1DE-0EB0-430A-9165-C74DDBC665B4}.Debug|ARM.Build.0 = Debug|Any CPU
		{4179A1DE-0EB0-430A-9165-C74DDBC665B4}.Debug|ARM.Deploy.0 = Debug|Any CPU
		{4179A1DE-0EB0-430A-9165-C74DDBC665B4}.Debug|iPhone.ActiveCfg = Debug|Any CPU
		{4179A1DE-0EB0-430A-9165-C74DDBC665B4}.Debug|iPhone.Build.0 = Debug|Any CPU
		{4179A1DE-0EB0-430A-9165-C74DDBC665B4}.Debug|iPhone.Deploy.0 = Debug|Any CPU
		{4179A1DE-0EB0-430A-9165-C74DDBC665B4}.Debug|iPhoneSimulator.ActiveCfg = Debug|Any CPU
		{4179A1DE-0EB0-430A-9165-C74DDBC665B4}.Debug|iPhoneSimulator.Build.0 = Debug|Any CPU
		{4179A1DE-0EB0-430A-9165-C74DDBC665B4}.Debug|iPhoneSimulator.Deploy.0 = Debug|Any CPU
		{4179A1DE-0EB0-430A-9165-C74DDBC665B4}.Debug|x64.ActiveCfg = Debug|Any CPU
		{4179A1DE-0EB0-430A-9165-C74DDBC665B4}.Debug|x64.Build.0 = Debug|Any CPU
		{4179A1DE-0EB0-430A-9165-C74DDBC665B4}.Debug|x64.Deploy.0 = Debug|Any CPU
		{4179A1DE-0EB0-430A-9165-C74DDBC665B4}.Debug|x86.ActiveCfg = Debug|Any CPU
		{4179A1DE-0EB0-430A-9165-C74DDBC665B4}.Debug|x86.Build.0 = Debug|Any CPU
		{4179A1DE-0EB0-430A-9165-C74DDBC665B4}.Debug|x86.Deploy.0 = Debug|Any CPU
		{4179A1DE-0EB0-430A-9165-C74DDBC665B4}.Release|Any CPU.ActiveCfg = Release|Any CPU
		{4179A1DE-0EB0-430A-9165-C74DDBC665B4}.Release|Any CPU.Build.0 = Release|Any CPU
		{4179A1DE-0EB0-430A-9165-C74DDBC665B4}.Release|Any CPU.Deploy.0 = Release|Any CPU
		{4179A1DE-0EB0-430A-9165-C74DDBC665B4}.Release|ARM.ActiveCfg = Release|Any CPU
		{4179A1DE-0EB0-430A-9165-C74DDBC665B4}.Release|ARM.Build.0 = Release|Any CPU
		{4179A1DE-0EB0-430A-9165-C74DDBC665B4}.Release|ARM.Deploy.0 = Release|Any CPU
		{4179A1DE-0EB0-430A-9165-C74DDBC665B4}.Release|iPhone.ActiveCfg = Release|Any CPU
		{4179A1DE-0EB0-430A-9165-C74DDBC665B4}.Release|iPhone.Build.0 = Release|Any CPU
		{4179A1DE-0EB0-430A-9165-C74DDBC665B4}.Release|iPhone.Deploy.0 = Release|Any CPU
		{4179A1DE-0EB0-430A-9165-C74DDBC665B4}.Release|iPhoneSimulator.ActiveCfg = Release|Any CPU
		{4179A1DE-0EB0-430A-9165-C74DDBC665B4}.Release|iPhoneSimulator.Build.0 = Release|Any CPU
		{4179A1DE-0EB0-430A-9165-C74DDBC665B4}.Release|iPhoneSimulator.Deploy.0 = Release|Any CPU
		{4179A1DE-0EB0-430A-9165-C74DDBC665B4}.Release|x64.ActiveCfg = Release|Any CPU
		{4179A1DE-0EB0-430A-9165-C74DDBC665B4}.Release|x64.Build.0 = Release|Any CPU
		{4179A1DE-0EB0-430A-9165-C74DDBC665B4}.Release|x64.Deploy.0 = Release|Any CPU
		{4179A1DE-0EB0-430A-9165-C74DDBC665B4}.Release|x86.ActiveCfg = Release|Any CPU
		{4179A1DE-0EB0-430A-9165-C74DDBC665B4}.Release|x86.Build.0 = Release|Any CPU
		{4179A1DE-0EB0-430A-9165-C74DDBC665B4}.Release|x86.Deploy.0 = Release|Any CPU
		{0D934EB4-BA2F-4836-B583-F3C37747DF98}.Debug|Any CPU.ActiveCfg = Debug|iPhoneSimulator
		{0D934EB4-BA2F-4836-B583-F3C37747DF98}.Debug|Any CPU.Build.0 = Debug|iPhoneSimulator
		{0D934EB4-BA2F-4836-B583-F3C37747DF98}.Debug|Any CPU.Deploy.0 = Debug|iPhoneSimulator
		{0D934EB4-BA2F-4836-B583-F3C37747DF98}.Debug|ARM.ActiveCfg = Debug|iPhone
		{0D934EB4-BA2F-4836-B583-F3C37747DF98}.Debug|ARM.Build.0 = Debug|iPhone
		{0D934EB4-BA2F-4836-B583-F3C37747DF98}.Debug|ARM.Deploy.0 = Debug|iPhone
		{0D934EB4-BA2F-4836-B583-F3C37747DF98}.Debug|iPhone.ActiveCfg = Debug|iPhone
		{0D934EB4-BA2F-4836-B583-F3C37747DF98}.Debug|iPhone.Build.0 = Debug|iPhone
		{0D934EB4-BA2F-4836-B583-F3C37747DF98}.Debug|iPhone.Deploy.0 = Debug|iPhone
		{0D934EB4-BA2F-4836-B583-F3C37747DF98}.Debug|iPhoneSimulator.ActiveCfg = Debug|iPhoneSimulator
		{0D934EB4-BA2F-4836-B583-F3C37747DF98}.Debug|iPhoneSimulator.Build.0 = Debug|iPhoneSimulator
		{0D934EB4-BA2F-4836-B583-F3C37747DF98}.Debug|iPhoneSimulator.Deploy.0 = Debug|iPhoneSimulator
		{0D934EB4-BA2F-4836-B583-F3C37747DF98}.Debug|x64.ActiveCfg = Debug|iPhone
		{0D934EB4-BA2F-4836-B583-F3C37747DF98}.Debug|x64.Build.0 = Debug|iPhone
		{0D934EB4-BA2F-4836-B583-F3C37747DF98}.Debug|x64.Deploy.0 = Debug|iPhone
		{0D934EB4-BA2F-4836-B583-F3C37747DF98}.Debug|x86.ActiveCfg = Debug|iPhone
		{0D934EB4-BA2F-4836-B583-F3C37747DF98}.Debug|x86.Build.0 = Debug|iPhone
		{0D934EB4-BA2F-4836-B583-F3C37747DF98}.Debug|x86.Deploy.0 = Debug|iPhone
		{0D934EB4-BA2F-4836-B583-F3C37747DF98}.Release|Any CPU.ActiveCfg = Release|iPhone
		{0D934EB4-BA2F-4836-B583-F3C37747DF98}.Release|Any CPU.Build.0 = Release|iPhone
		{0D934EB4-BA2F-4836-B583-F3C37747DF98}.Release|Any CPU.Deploy.0 = Release|iPhone
		{0D934EB4-BA2F-4836-B583-F3C37747DF98}.Release|ARM.ActiveCfg = Release|iPhone
		{0D934EB4-BA2F-4836-B583-F3C37747DF98}.Release|ARM.Build.0 = Release|iPhone
		{0D934EB4-BA2F-4836-B583-F3C37747DF98}.Release|ARM.Deploy.0 = Release|iPhone
		{0D934EB4-BA2F-4836-B583-F3C37747DF98}.Release|iPhone.ActiveCfg = Release|iPhone
		{0D934EB4-BA2F-4836-B583-F3C37747DF98}.Release|iPhone.Build.0 = Release|iPhone
		{0D934EB4-BA2F-4836-B583-F3C37747DF98}.Release|iPhone.Deploy.0 = Release|iPhone
		{0D934EB4-BA2F-4836-B583-F3C37747DF98}.Release|iPhoneSimulator.ActiveCfg = Release|iPhoneSimulator
		{0D934EB4-BA2F-4836-B583-F3C37747DF98}.Release|iPhoneSimulator.Build.0 = Release|iPhoneSimulator
		{0D934EB4-BA2F-4836-B583-F3C37747DF98}.Release|iPhoneSimulator.Deploy.0 = Release|iPhoneSimulator
		{0D934EB4-BA2F-4836-B583-F3C37747DF98}.Release|x64.ActiveCfg = Release|iPhone
		{0D934EB4-BA2F-4836-B583-F3C37747DF98}.Release|x64.Build.0 = Release|iPhone
		{0D934EB4-BA2F-4836-B583-F3C37747DF98}.Release|x64.Deploy.0 = Release|iPhone
		{0D934EB4-BA2F-4836-B583-F3C37747DF98}.Release|x86.ActiveCfg = Release|iPhone
		{0D934EB4-BA2F-4836-B583-F3C37747DF98}.Release|x86.Build.0 = Release|iPhone
		{0D934EB4-BA2F-4836-B583-F3C37747DF98}.Release|x86.Deploy.0 = Release|iPhone
		{E314134D-67CF-4ACB-8479-E81C3F5B71A5}.Debug|Any CPU.ActiveCfg = Debug|x86
		{E314134D-67CF-4ACB-8479-E81C3F5B71A5}.Debug|Any CPU.Build.0 = Debug|x86
		{E314134D-67CF-4ACB-8479-E81C3F5B71A5}.Debug|Any CPU.Deploy.0 = Debug|x86
		{E314134D-67CF-4ACB-8479-E81C3F5B71A5}.Debug|ARM.ActiveCfg = Debug|ARM
		{E314134D-67CF-4ACB-8479-E81C3F5B71A5}.Debug|ARM.Build.0 = Debug|ARM
		{E314134D-67CF-4ACB-8479-E81C3F5B71A5}.Debug|ARM.Deploy.0 = Debug|ARM
		{E314134D-67CF-4ACB-8479-E81C3F5B71A5}.Debug|iPhone.ActiveCfg = Debug|x86
		{E314134D-67CF-4ACB-8479-E81C3F5B71A5}.Debug|iPhone.Build.0 = Debug|x86
		{E314134D-67CF-4ACB-8479-E81C3F5B71A5}.Debug|iPhone.Deploy.0 = Debug|x86
		{E314134D-67CF-4ACB-8479-E81C3F5B71A5}.Debug|iPhoneSimulator.ActiveCfg = Debug|x86
		{E314134D-67CF-4ACB-8479-E81C3F5B71A5}.Debug|iPhoneSimulator.Build.0 = Debug|x86
		{E314134D-67CF-4ACB-8479-E81C3F5B71A5}.Debug|iPhoneSimulator.Deploy.0 = Debug|x86
		{E314134D-67CF-4ACB-8479-E81C3F5B71A5}.Debug|x64.ActiveCfg = Debug|x64
		{E314134D-67CF-4ACB-8479-E81C3F5B71A5}.Debug|x64.Build.0 = Debug|x64
		{E314134D-67CF-4ACB-8479-E81C3F5B71A5}.Debug|x64.Deploy.0 = Debug|x64
		{E314134D-67CF-4ACB-8479-E81C3F5B71A5}.Debug|x86.ActiveCfg = Debug|x86
		{E314134D-67CF-4ACB-8479-E81C3F5B71A5}.Debug|x86.Build.0 = Debug|x86
		{E314134D-67CF-4ACB-8479-E81C3F5B71A5}.Debug|x86.Deploy.0 = Debug|x86
		{E314134D-67CF-4ACB-8479-E81C3F5B71A5}.Release|Any CPU.ActiveCfg = Release|x86
		{E314134D-67CF-4ACB-8479-E81C3F5B71A5}.Release|Any CPU.Build.0 = Release|x86
		{E314134D-67CF-4ACB-8479-E81C3F5B71A5}.Release|Any CPU.Deploy.0 = Release|x86
		{E314134D-67CF-4ACB-8479-E81C3F5B71A5}.Release|ARM.ActiveCfg = Release|ARM
		{E314134D-67CF-4ACB-8479-E81C3F5B71A5}.Release|ARM.Build.0 = Release|ARM
		{E314134D-67CF-4ACB-8479-E81C3F5B71A5}.Release|ARM.Deploy.0 = Release|ARM
		{E314134D-67CF-4ACB-8479-E81C3F5B71A5}.Release|iPhone.ActiveCfg = Release|x86
		{E314134D-67CF-4ACB-8479-E81C3F5B71A5}.Release|iPhone.Build.0 = Release|x86
		{E314134D-67CF-4ACB-8479-E81C3F5B71A5}.Release|iPhone.Deploy.0 = Release|x86
		{E314134D-67CF-4ACB-8479-E81C3F5B71A5}.Release|iPhoneSimulator.ActiveCfg = Release|x86
		{E314134D-67CF-4ACB-8479-E81C3F5B71A5}.Release|iPhoneSimulator.Build.0 = Release|x86
		{E314134D-67CF-4ACB-8479-E81C3F5B71A5}.Release|iPhoneSimulator.Deploy.0 = Release|x86
		{E314134D-67CF-4ACB-8479-E81C3F5B71A5}.Release|x64.ActiveCfg = Release|x64
		{E314134D-67CF-4ACB-8479-E81C3F5B71A5}.Release|x64.Build.0 = Release|x64
		{E314134D-67CF-4ACB-8479-E81C3F5B71A5}.Release|x64.Deploy.0 = Release|x64
		{E314134D-67CF-4ACB-8479-E81C3F5B71A5}.Release|x86.ActiveCfg = Release|x86
		{E314134D-67CF-4ACB-8479-E81C3F5B71A5}.Release|x86.Build.0 = Release|x86
		{E314134D-67CF-4ACB-8479-E81C3F5B71A5}.Release|x86.Deploy.0 = Release|x86
		{0A537425-FA33-45E6-8BCD-445F4A6DF069}.Debug|Any CPU.ActiveCfg = Debug|Any CPU
		{0A537425-FA33-45E6-8BCD-445F4A6DF069}.Debug|Any CPU.Build.0 = Debug|Any CPU
		{0A537425-FA33-45E6-8BCD-445F4A6DF069}.Debug|Any CPU.Deploy.0 = Debug|Any CPU
		{0A537425-FA33-45E6-8BCD-445F4A6DF069}.Debug|ARM.ActiveCfg = Debug|Any CPU
		{0A537425-FA33-45E6-8BCD-445F4A6DF069}.Debug|ARM.Build.0 = Debug|Any CPU
		{0A537425-FA33-45E6-8BCD-445F4A6DF069}.Debug|ARM.Deploy.0 = Debug|Any CPU
		{0A537425-FA33-45E6-8BCD-445F4A6DF069}.Debug|iPhone.ActiveCfg = Debug|Any CPU
		{0A537425-FA33-45E6-8BCD-445F4A6DF069}.Debug|iPhone.Build.0 = Debug|Any CPU
		{0A537425-FA33-45E6-8BCD-445F4A6DF069}.Debug|iPhone.Deploy.0 = Debug|Any CPU
		{0A537425-FA33-45E6-8BCD-445F4A6DF069}.Debug|iPhoneSimulator.ActiveCfg = Debug|Any CPU
		{0A537425-FA33-45E6-8BCD-445F4A6DF069}.Debug|iPhoneSimulator.Build.0 = Debug|Any CPU
		{0A537425-FA33-45E6-8BCD-445F4A6DF069}.Debug|iPhoneSimulator.Deploy.0 = Debug|Any CPU
		{0A537425-FA33-45E6-8BCD-445F4A6DF069}.Debug|x64.ActiveCfg = Debug|Any CPU
		{0A537425-FA33-45E6-8BCD-445F4A6DF069}.Debug|x64.Build.0 = Debug|Any CPU
		{0A537425-FA33-45E6-8BCD-445F4A6DF069}.Debug|x64.Deploy.0 = Debug|Any CPU
		{0A537425-FA33-45E6-8BCD-445F4A6DF069}.Debug|x86.ActiveCfg = Debug|Any CPU
		{0A537425-FA33-45E6-8BCD-445F4A6DF069}.Debug|x86.Build.0 = Debug|Any CPU
		{0A537425-FA33-45E6-8BCD-445F4A6DF069}.Debug|x86.Deploy.0 = Debug|Any CPU
		{0A537425-FA33-45E6-8BCD-445F4A6DF069}.Release|Any CPU.ActiveCfg = Release|Any CPU
		{0A537425-FA33-45E6-8BCD-445F4A6DF069}.Release|Any CPU.Build.0 = Release|Any CPU
		{0A537425-FA33-45E6-8BCD-445F4A6DF069}.Release|Any CPU.Deploy.0 = Release|Any CPU
		{0A537425-FA33-45E6-8BCD-445F4A6DF069}.Release|ARM.ActiveCfg = Release|Any CPU
		{0A537425-FA33-45E6-8BCD-445F4A6DF069}.Release|ARM.Build.0 = Release|Any CPU
		{0A537425-FA33-45E6-8BCD-445F4A6DF069}.Release|ARM.Deploy.0 = Release|Any CPU
		{0A537425-FA33-45E6-8BCD-445F4A6DF069}.Release|iPhone.ActiveCfg = Release|Any CPU
		{0A537425-FA33-45E6-8BCD-445F4A6DF069}.Release|iPhone.Build.0 = Release|Any CPU
		{0A537425-FA33-45E6-8BCD-445F4A6DF069}.Release|iPhone.Deploy.0 = Release|Any CPU
		{0A537425-FA33-45E6-8BCD-445F4A6DF069}.Release|iPhoneSimulator.ActiveCfg = Release|Any CPU
		{0A537425-FA33-45E6-8BCD-445F4A6DF069}.Release|iPhoneSimulator.Build.0 = Release|Any CPU
		{0A537425-FA33-45E6-8BCD-445F4A6DF069}.Release|iPhoneSimulator.Deploy.0 = Release|Any CPU
		{0A537425-FA33-45E6-8BCD-445F4A6DF069}.Release|x64.ActiveCfg = Release|Any CPU
		{0A537425-FA33-45E6-8BCD-445F4A6DF069}.Release|x64.Build.0 = Release|Any CPU
		{0A537425-FA33-45E6-8BCD-445F4A6DF069}.Release|x64.Deploy.0 = Release|Any CPU
		{0A537425-FA33-45E6-8BCD-445F4A6DF069}.Release|x86.ActiveCfg = Release|Any CPU
		{0A537425-FA33-45E6-8BCD-445F4A6DF069}.Release|x86.Build.0 = Release|Any CPU
		{0A537425-FA33-45E6-8BCD-445F4A6DF069}.Release|x86.Deploy.0 = Release|Any CPU
		{7790A020-5EDF-41F6-BA36-9A82753C3AC2}.Debug|Any CPU.ActiveCfg = Debug|Any CPU
		{7790A020-5EDF-41F6-BA36-9A82753C3AC2}.Debug|Any CPU.Build.0 = Debug|Any CPU
		{7790A020-5EDF-41F6-BA36-9A82753C3AC2}.Debug|Any CPU.Deploy.0 = Debug|Any CPU
		{7790A020-5EDF-41F6-BA36-9A82753C3AC2}.Debug|ARM.ActiveCfg = Debug|Any CPU
		{7790A020-5EDF-41F6-BA36-9A82753C3AC2}.Debug|ARM.Build.0 = Debug|Any CPU
		{7790A020-5EDF-41F6-BA36-9A82753C3AC2}.Debug|ARM.Deploy.0 = Debug|Any CPU
		{7790A020-5EDF-41F6-BA36-9A82753C3AC2}.Debug|iPhone.ActiveCfg = Debug|Any CPU
		{7790A020-5EDF-41F6-BA36-9A82753C3AC2}.Debug|iPhone.Build.0 = Debug|Any CPU
		{7790A020-5EDF-41F6-BA36-9A82753C3AC2}.Debug|iPhone.Deploy.0 = Debug|Any CPU
		{7790A020-5EDF-41F6-BA36-9A82753C3AC2}.Debug|iPhoneSimulator.ActiveCfg = Debug|Any CPU
		{7790A020-5EDF-41F6-BA36-9A82753C3AC2}.Debug|iPhoneSimulator.Build.0 = Debug|Any CPU
		{7790A020-5EDF-41F6-BA36-9A82753C3AC2}.Debug|iPhoneSimulator.Deploy.0 = Debug|Any CPU
		{7790A020-5EDF-41F6-BA36-9A82753C3AC2}.Debug|x64.ActiveCfg = Debug|Any CPU
		{7790A020-5EDF-41F6-BA36-9A82753C3AC2}.Debug|x64.Build.0 = Debug|Any CPU
		{7790A020-5EDF-41F6-BA36-9A82753C3AC2}.Debug|x64.Deploy.0 = Debug|Any CPU
		{7790A020-5EDF-41F6-BA36-9A82753C3AC2}.Debug|x86.ActiveCfg = Debug|Any CPU
		{7790A020-5EDF-41F6-BA36-9A82753C3AC2}.Debug|x86.Build.0 = Debug|Any CPU
		{7790A020-5EDF-41F6-BA36-9A82753C3AC2}.Debug|x86.Deploy.0 = Debug|Any CPU
		{7790A020-5EDF-41F6-BA36-9A82753C3AC2}.Release|Any CPU.ActiveCfg = Release|Any CPU
		{7790A020-5EDF-41F6-BA36-9A82753C3AC2}.Release|Any CPU.Build.0 = Release|Any CPU
		{7790A020-5EDF-41F6-BA36-9A82753C3AC2}.Release|Any CPU.Deploy.0 = Release|Any CPU
		{7790A020-5EDF-41F6-BA36-9A82753C3AC2}.Release|ARM.ActiveCfg = Release|Any CPU
		{7790A020-5EDF-41F6-BA36-9A82753C3AC2}.Release|ARM.Build.0 = Release|Any CPU
		{7790A020-5EDF-41F6-BA36-9A82753C3AC2}.Release|ARM.Deploy.0 = Release|Any CPU
		{7790A020-5EDF-41F6-BA36-9A82753C3AC2}.Release|iPhone.ActiveCfg = Release|Any CPU
		{7790A020-5EDF-41F6-BA36-9A82753C3AC2}.Release|iPhone.Build.0 = Release|Any CPU
		{7790A020-5EDF-41F6-BA36-9A82753C3AC2}.Release|iPhone.Deploy.0 = Release|Any CPU
		{7790A020-5EDF-41F6-BA36-9A82753C3AC2}.Release|iPhoneSimulator.ActiveCfg = Release|Any CPU
		{7790A020-5EDF-41F6-BA36-9A82753C3AC2}.Release|iPhoneSimulator.Build.0 = Release|Any CPU
		{7790A020-5EDF-41F6-BA36-9A82753C3AC2}.Release|iPhoneSimulator.Deploy.0 = Release|Any CPU
		{7790A020-5EDF-41F6-BA36-9A82753C3AC2}.Release|x64.ActiveCfg = Release|Any CPU
		{7790A020-5EDF-41F6-BA36-9A82753C3AC2}.Release|x64.Build.0 = Release|Any CPU
		{7790A020-5EDF-41F6-BA36-9A82753C3AC2}.Release|x64.Deploy.0 = Release|Any CPU
		{7790A020-5EDF-41F6-BA36-9A82753C3AC2}.Release|x86.ActiveCfg = Release|Any CPU
		{7790A020-5EDF-41F6-BA36-9A82753C3AC2}.Release|x86.Build.0 = Release|Any CPU
		{7790A020-5EDF-41F6-BA36-9A82753C3AC2}.Release|x86.Deploy.0 = Release|Any CPU
	EndGlobalSection
	GlobalSection(SolutionProperties) = preSolution
		HideSolutionNode = FALSE
	EndGlobalSection
	GlobalSection(ExtensibilityGlobals) = postSolution
		SolutionGuid = {7B3C2BF9-2E82-4399-8FC1-6B5C61D9761D}
	EndGlobalSection
EndGlobal
