
Microsoft Visual Studio Solution File, Format Version 12.00
# Visual Studio 15
VisualStudioVersion = 15.0.28307.960
MinimumVisualStudioVersion = 10.0.40219.1
Project("{E24C65DC-7377-472B-9ABA-BC803B73C61A}") = "WebSite1(1)", "WebSite1\", "{84557DE9-BFE9-4CD8-90A2-F3CC6BBF83DC}"
	ProjectSection(WebsiteProperties) = preProject
		TargetFrameworkMoniker = ".NETFramework,Version%3Dv4.6"
		Debug.AspNetCompiler.VirtualPath = "/localhost_49965"
		Debug.AspNetCompiler.PhysicalPath = "WebSite1\"
		Debug.AspNetCompiler.TargetPath = "PrecompiledWeb\localhost_49965\"
		Debug.AspNetCompiler.Updateable = "true"
		Debug.AspNetCompiler.ForceOverwrite = "true"
		Debug.AspNetCompiler.FixedNames = "false"
		Debug.AspNetCompiler.Debug = "True"
		Release.AspNetCompiler.VirtualPath = "/localhost_49965"
		Release.AspNetCompiler.PhysicalPath = "WebSite1\"
		Release.AspNetCompiler.TargetPath = "PrecompiledWeb\localhost_49965\"
		Release.AspNetCompiler.Updateable = "true"
		Release.AspNetCompiler.ForceOverwrite = "true"
		Release.AspNetCompiler.FixedNames = "false"
		Release.AspNetCompiler.Debug = "False"
		VWDPort = "49965"
		DefaultWebSiteLanguage = "Visual C#"
	EndProjectSection
EndProject
Global
	GlobalSection(SolutionConfigurationPlatforms) = preSolution
		Debug|Any CPU = Debug|Any CPU
	EndGlobalSection
	GlobalSection(ProjectConfigurationPlatforms) = postSolution
		{84557DE9-BFE9-4CD8-90A2-F3CC6BBF83DC}.Debug|Any CPU.ActiveCfg = Debug|Any CPU
		{84557DE9-BFE9-4CD8-90A2-F3CC6BBF83DC}.Debug|Any CPU.Build.0 = Debug|Any CPU
	EndGlobalSection
	GlobalSection(SolutionProperties) = preSolution
		HideSolutionNode = FALSE
	EndGlobalSection
	GlobalSection(ExtensibilityGlobals) = postSolution
		SolutionGuid = {89B85125-66A8-48E0-8E4D-07B7BF73F330}
	EndGlobalSection
EndGlobal
