
Microsoft Visual Studio Solution File, Format Version 12.00
# Visual Studio Version 17
VisualStudioVersion = 17.6.33712.159
MinimumVisualStudioVersion = 10.0.40219.1
Project("{FAE04EC0-301F-11D3-BF4B-00C04F79EFBC}") = "Inbound.Android", "Inbound\Inbound.Android\Inbound.Android.csproj", "{746FC2E0-977B-40B6-8B27-2DE4F31A55B2}"
EndProject
Project("{FAE04EC0-301F-11D3-BF4B-00C04F79EFBC}") = "Inbound", "Inbound\Inbound\Inbound.csproj", "{68C2684E-C3DE-4033-A109-8973E3B41DEE}"
EndProject
Global
	GlobalSection(SolutionConfigurationPlatforms) = preSolution
		Debug|Any CPU = Debug|Any CPU
		Release|Any CPU = Release|Any CPU
	EndGlobalSection
	GlobalSection(ProjectConfigurationPlatforms) = postSolution
		{746FC2E0-977B-40B6-8B27-2DE4F31A55B2}.Debug|Any CPU.ActiveCfg = Debug|Any CPU
		{746FC2E0-977B-40B6-8B27-2DE4F31A55B2}.Debug|Any CPU.Build.0 = Debug|Any CPU
		{746FC2E0-977B-40B6-8B27-2DE4F31A55B2}.Debug|Any CPU.Deploy.0 = Debug|Any CPU
		{746FC2E0-977B-40B6-8B27-2DE4F31A55B2}.Release|Any CPU.ActiveCfg = Release|Any CPU
		{746FC2E0-977B-40B6-8B27-2DE4F31A55B2}.Release|Any CPU.Build.0 = Release|Any CPU
		{746FC2E0-977B-40B6-8B27-2DE4F31A55B2}.Release|Any CPU.Deploy.0 = Release|Any CPU
		{68C2684E-C3DE-4033-A109-8973E3B41DEE}.Debug|Any CPU.ActiveCfg = Debug|Any CPU
		{68C2684E-C3DE-4033-A109-8973E3B41DEE}.Debug|Any CPU.Build.0 = Debug|Any CPU
		{68C2684E-C3DE-4033-A109-8973E3B41DEE}.Debug|Any CPU.Deploy.0 = Debug|Any CPU
		{68C2684E-C3DE-4033-A109-8973E3B41DEE}.Release|Any CPU.ActiveCfg = Release|Any CPU
		{68C2684E-C3DE-4033-A109-8973E3B41DEE}.Release|Any CPU.Build.0 = Release|Any CPU
		{68C2684E-C3DE-4033-A109-8973E3B41DEE}.Release|Any CPU.Deploy.0 = Release|Any CPU
	EndGlobalSection
	GlobalSection(SolutionProperties) = preSolution
		HideSolutionNode = FALSE
	EndGlobalSection
	GlobalSection(ExtensibilityGlobals) = postSolution
		SolutionGuid = {F2F72B64-F961-4B7F-82AC-277D6DC47CD1}
	EndGlobalSection
EndGlobal
