
Microsoft Visual Studio Solution File, Format Version 12.00
# Visual Studio 15
VisualStudioVersion = 15.0.28010.2016
MinimumVisualStudioVersion = 10.0.40219.1
Project("{FAE04EC0-301F-11D3-BF4B-00C04F79EFBC}") = "PL_pcl.Android", "PL_pcl\PL_pcl.Android\PL_pcl.Android.csproj", "{C0CC630D-57A1-4602-9B75-51E1D3D2AA43}"
EndProject
Project("{FAE04EC0-301F-11D3-BF4B-00C04F79EFBC}") = "PL_pcl.iOS", "PL_pcl\PL_pcl.iOS\PL_pcl.iOS.csproj", "{D05E366C-ECB9-4011-A9E0-DD04696E876E}"
EndProject
Project("{FAE04EC0-301F-11D3-BF4B-00C04F79EFBC}") = "PL_pcl.UWP", "PL_pcl\PL_pcl.UWP\PL_pcl.UWP.csproj", "{A92B938D-49C4-4AD7-B791-8F3F89883BF3}"
EndProject
Project("{D954291E-2A0B-460D-934E-DC6B0785DB48}") = "PL_pcl", "PL_pcl\PL_pcl\PL_pcl.shproj", "{6A6B2C28-3441-4CE3-811B-9299DE1B6399}"
EndProject
Global
	GlobalSection(SharedMSBuildProjectFiles) = preSolution
		PL_pcl\PL_pcl\PL_pcl.projitems*{6a6b2c28-3441-4ce3-811b-9299de1b6399}*SharedItemsImports = 13
		PL_pcl\PL_pcl\PL_pcl.projitems*{a92b938d-49c4-4ad7-b791-8f3f89883bf3}*SharedItemsImports = 4
		PL_pcl\PL_pcl\PL_pcl.projitems*{c0cc630d-57a1-4602-9b75-51e1d3d2aa43}*SharedItemsImports = 4
		PL_pcl\PL_pcl\PL_pcl.projitems*{d05e366c-ecb9-4011-a9e0-dd04696e876e}*SharedItemsImports = 4
	EndGlobalSection
	GlobalSection(SolutionConfigurationPlatforms) = preSolution
		Ad-Hoc|Any CPU = Ad-Hoc|Any CPU
		Ad-Hoc|ARM = Ad-Hoc|ARM
		Ad-Hoc|iPhone = Ad-Hoc|iPhone
		Ad-Hoc|iPhoneSimulator = Ad-Hoc|iPhoneSimulator
		Ad-Hoc|x64 = Ad-Hoc|x64
		Ad-Hoc|x86 = Ad-Hoc|x86
		AppStore|Any CPU = AppStore|Any CPU
		AppStore|ARM = AppStore|ARM
		AppStore|iPhone = AppStore|iPhone
		AppStore|iPhoneSimulator = AppStore|iPhoneSimulator
		AppStore|x64 = AppStore|x64
		AppStore|x86 = AppStore|x86
		Debug|Any CPU = Debug|Any CPU
		Debug|ARM = Debug|ARM
		Debug|iPhone = Debug|iPhone
		Debug|iPhoneSimulator = Debug|iPhoneSimulator
		Debug|x64 = Debug|x64
		Debug|x86 = Debug|x86
		Release|Any CPU = Release|Any CPU
		Release|ARM = Release|ARM
		Release|iPhone = Release|iPhone
		Release|iPhoneSimulator = Release|iPhoneSimulator
		Release|x64 = Release|x64
		Release|x86 = Release|x86
	EndGlobalSection
	GlobalSection(ProjectConfigurationPlatforms) = postSolution
		{C0CC630D-57A1-4602-9B75-51E1D3D2AA43}.Ad-Hoc|Any CPU.ActiveCfg = Release|Any CPU
		{C0CC630D-57A1-4602-9B75-51E1D3D2AA43}.Ad-Hoc|Any CPU.Build.0 = Release|Any CPU
		{C0CC630D-57A1-4602-9B75-51E1D3D2AA43}.Ad-Hoc|Any CPU.Deploy.0 = Release|Any CPU
		{C0CC630D-57A1-4602-9B75-51E1D3D2AA43}.Ad-Hoc|ARM.ActiveCfg = Release|Any CPU
		{C0CC630D-57A1-4602-9B75-51E1D3D2AA43}.Ad-Hoc|ARM.Build.0 = Release|Any CPU
		{C0CC630D-57A1-4602-9B75-51E1D3D2AA43}.Ad-Hoc|ARM.Deploy.0 = Release|Any CPU
		{C0CC630D-57A1-4602-9B75-51E1D3D2AA43}.Ad-Hoc|iPhone.ActiveCfg = Release|Any CPU
		{C0CC630D-57A1-4602-9B75-51E1D3D2AA43}.Ad-Hoc|iPhone.Build.0 = Release|Any CPU
		{C0CC630D-57A1-4602-9B75-51E1D3D2AA43}.Ad-Hoc|iPhone.Deploy.0 = Release|Any CPU
		{C0CC630D-57A1-4602-9B75-51E1D3D2AA43}.Ad-Hoc|iPhoneSimulator.ActiveCfg = Release|Any CPU
		{C0CC630D-57A1-4602-9B75-51E1D3D2AA43}.Ad-Hoc|iPhoneSimulator.Build.0 = Release|Any CPU
		{C0CC630D-57A1-4602-9B75-51E1D3D2AA43}.Ad-Hoc|iPhoneSimulator.Deploy.0 = Release|Any CPU
		{C0CC630D-57A1-4602-9B75-51E1D3D2AA43}.Ad-Hoc|x64.ActiveCfg = Release|Any CPU
		{C0CC630D-57A1-4602-9B75-51E1D3D2AA43}.Ad-Hoc|x64.Build.0 = Release|Any CPU
		{C0CC630D-57A1-4602-9B75-51E1D3D2AA43}.Ad-Hoc|x64.Deploy.0 = Release|Any CPU
		{C0CC630D-57A1-4602-9B75-51E1D3D2AA43}.Ad-Hoc|x86.ActiveCfg = Release|Any CPU
		{C0CC630D-57A1-4602-9B75-51E1D3D2AA43}.Ad-Hoc|x86.Build.0 = Release|Any CPU
		{C0CC630D-57A1-4602-9B75-51E1D3D2AA43}.Ad-Hoc|x86.Deploy.0 = Release|Any CPU
		{C0CC630D-57A1-4602-9B75-51E1D3D2AA43}.AppStore|Any CPU.ActiveCfg = Release|Any CPU
		{C0CC630D-57A1-4602-9B75-51E1D3D2AA43}.AppStore|Any CPU.Build.0 = Release|Any CPU
		{C0CC630D-57A1-4602-9B75-51E1D3D2AA43}.AppStore|Any CPU.Deploy.0 = Release|Any CPU
		{C0CC630D-57A1-4602-9B75-51E1D3D2AA43}.AppStore|ARM.ActiveCfg = Release|Any CPU
		{C0CC630D-57A1-4602-9B75-51E1D3D2AA43}.AppStore|ARM.Build.0 = Release|Any CPU
		{C0CC630D-57A1-4602-9B75-51E1D3D2AA43}.AppStore|ARM.Deploy.0 = Release|Any CPU
		{C0CC630D-57A1-4602-9B75-51E1D3D2AA43}.AppStore|iPhone.ActiveCfg = Release|Any CPU
		{C0CC630D-57A1-4602-9B75-51E1D3D2AA43}.AppStore|iPhone.Build.0 = Release|Any CPU
		{C0CC630D-57A1-4602-9B75-51E1D3D2AA43}.AppStore|iPhone.Deploy.0 = Release|Any CPU
		{C0CC630D-57A1-4602-9B75-51E1D3D2AA43}.AppStore|iPhoneSimulator.ActiveCfg = Release|Any CPU
		{C0CC630D-57A1-4602-9B75-51E1D3D2AA43}.AppStore|iPhoneSimulator.Build.0 = Release|Any CPU
		{C0CC630D-57A1-4602-9B75-51E1D3D2AA43}.AppStore|iPhoneSimulator.Deploy.0 = Release|Any CPU
		{C0CC630D-57A1-4602-9B75-51E1D3D2AA43}.AppStore|x64.ActiveCfg = Release|Any CPU
		{C0CC630D-57A1-4602-9B75-51E1D3D2AA43}.AppStore|x64.Build.0 = Release|Any CPU
		{C0CC630D-57A1-4602-9B75-51E1D3D2AA43}.AppStore|x64.Deploy.0 = Release|Any CPU
		{C0CC630D-57A1-4602-9B75-51E1D3D2AA43}.AppStore|x86.ActiveCfg = Release|Any CPU
		{C0CC630D-57A1-4602-9B75-51E1D3D2AA43}.AppStore|x86.Build.0 = Release|Any CPU
		{C0CC630D-57A1-4602-9B75-51E1D3D2AA43}.AppStore|x86.Deploy.0 = Release|Any CPU
		{C0CC630D-57A1-4602-9B75-51E1D3D2AA43}.Debug|Any CPU.ActiveCfg = Debug|Any CPU
		{C0CC630D-57A1-4602-9B75-51E1D3D2AA43}.Debug|Any CPU.Build.0 = Debug|Any CPU
		{C0CC630D-57A1-4602-9B75-51E1D3D2AA43}.Debug|Any CPU.Deploy.0 = Debug|Any CPU
		{C0CC630D-57A1-4602-9B75-51E1D3D2AA43}.Debug|ARM.ActiveCfg = Debug|Any CPU
		{C0CC630D-57A1-4602-9B75-51E1D3D2AA43}.Debug|ARM.Build.0 = Debug|Any CPU
		{C0CC630D-57A1-4602-9B75-51E1D3D2AA43}.Debug|ARM.Deploy.0 = Debug|Any CPU
		{C0CC630D-57A1-4602-9B75-51E1D3D2AA43}.Debug|iPhone.ActiveCfg = Debug|Any CPU
		{C0CC630D-57A1-4602-9B75-51E1D3D2AA43}.Debug|iPhone.Build.0 = Debug|Any CPU
		{C0CC630D-57A1-4602-9B75-51E1D3D2AA43}.Debug|iPhone.Deploy.0 = Debug|Any CPU
		{C0CC630D-57A1-4602-9B75-51E1D3D2AA43}.Debug|iPhoneSimulator.ActiveCfg = Debug|Any CPU
		{C0CC630D-57A1-4602-9B75-51E1D3D2AA43}.Debug|iPhoneSimulator.Build.0 = Debug|Any CPU
		{C0CC630D-57A1-4602-9B75-51E1D3D2AA43}.Debug|iPhoneSimulator.Deploy.0 = Debug|Any CPU
		{C0CC630D-57A1-4602-9B75-51E1D3D2AA43}.Debug|x64.ActiveCfg = Debug|Any CPU
		{C0CC630D-57A1-4602-9B75-51E1D3D2AA43}.Debug|x64.Build.0 = Debug|Any CPU
		{C0CC630D-57A1-4602-9B75-51E1D3D2AA43}.Debug|x64.Deploy.0 = Debug|Any CPU
		{C0CC630D-57A1-4602-9B75-51E1D3D2AA43}.Debug|x86.ActiveCfg = Debug|Any CPU
		{C0CC630D-57A1-4602-9B75-51E1D3D2AA43}.Debug|x86.Build.0 = Debug|Any CPU
		{C0CC630D-57A1-4602-9B75-51E1D3D2AA43}.Debug|x86.Deploy.0 = Debug|Any CPU
		{C0CC630D-57A1-4602-9B75-51E1D3D2AA43}.Release|Any CPU.ActiveCfg = Release|Any CPU
		{C0CC630D-57A1-4602-9B75-51E1D3D2AA43}.Release|Any CPU.Build.0 = Release|Any CPU
		{C0CC630D-57A1-4602-9B75-51E1D3D2AA43}.Release|Any CPU.Deploy.0 = Release|Any CPU
		{C0CC630D-57A1-4602-9B75-51E1D3D2AA43}.Release|ARM.ActiveCfg = Release|Any CPU
		{C0CC630D-57A1-4602-9B75-51E1D3D2AA43}.Release|ARM.Build.0 = Release|Any CPU
		{C0CC630D-57A1-4602-9B75-51E1D3D2AA43}.Release|ARM.Deploy.0 = Release|Any CPU
		{C0CC630D-57A1-4602-9B75-51E1D3D2AA43}.Release|iPhone.ActiveCfg = Release|Any CPU
		{C0CC630D-57A1-4602-9B75-51E1D3D2AA43}.Release|iPhone.Build.0 = Release|Any CPU
		{C0CC630D-57A1-4602-9B75-51E1D3D2AA43}.Release|iPhone.Deploy.0 = Release|Any CPU
		{C0CC630D-57A1-4602-9B75-51E1D3D2AA43}.Release|iPhoneSimulator.ActiveCfg = Release|Any CPU
		{C0CC630D-57A1-4602-9B75-51E1D3D2AA43}.Release|iPhoneSimulator.Build.0 = Release|Any CPU
		{C0CC630D-57A1-4602-9B75-51E1D3D2AA43}.Release|iPhoneSimulator.Deploy.0 = Release|Any CPU
		{C0CC630D-57A1-4602-9B75-51E1D3D2AA43}.Release|x64.ActiveCfg = Release|Any CPU
		{C0CC630D-57A1-4602-9B75-51E1D3D2AA43}.Release|x64.Build.0 = Release|Any CPU
		{C0CC630D-57A1-4602-9B75-51E1D3D2AA43}.Release|x64.Deploy.0 = Release|Any CPU
		{C0CC630D-57A1-4602-9B75-51E1D3D2AA43}.Release|x86.ActiveCfg = Release|Any CPU
		{C0CC630D-57A1-4602-9B75-51E1D3D2AA43}.Release|x86.Build.0 = Release|Any CPU
		{C0CC630D-57A1-4602-9B75-51E1D3D2AA43}.Release|x86.Deploy.0 = Release|Any CPU
		{D05E366C-ECB9-4011-A9E0-DD04696E876E}.Ad-Hoc|Any CPU.ActiveCfg = Ad-Hoc|iPhone
		{D05E366C-ECB9-4011-A9E0-DD04696E876E}.Ad-Hoc|Any CPU.Build.0 = Ad-Hoc|iPhone
		{D05E366C-ECB9-4011-A9E0-DD04696E876E}.Ad-Hoc|Any CPU.Deploy.0 = Ad-Hoc|iPhone
		{D05E366C-ECB9-4011-A9E0-DD04696E876E}.Ad-Hoc|ARM.ActiveCfg = Ad-Hoc|iPhone
		{D05E366C-ECB9-4011-A9E0-DD04696E876E}.Ad-Hoc|ARM.Build.0 = Ad-Hoc|iPhone
		{D05E366C-ECB9-4011-A9E0-DD04696E876E}.Ad-Hoc|ARM.Deploy.0 = Ad-Hoc|iPhone
		{D05E366C-ECB9-4011-A9E0-DD04696E876E}.Ad-Hoc|iPhone.ActiveCfg = Ad-Hoc|iPhone
		{D05E366C-ECB9-4011-A9E0-DD04696E876E}.Ad-Hoc|iPhone.Build.0 = Ad-Hoc|iPhone
		{D05E366C-ECB9-4011-A9E0-DD04696E876E}.Ad-Hoc|iPhone.Deploy.0 = Ad-Hoc|iPhone
		{D05E366C-ECB9-4011-A9E0-DD04696E876E}.Ad-Hoc|iPhoneSimulator.ActiveCfg = Ad-Hoc|iPhoneSimulator
		{D05E366C-ECB9-4011-A9E0-DD04696E876E}.Ad-Hoc|iPhoneSimulator.Build.0 = Ad-Hoc|iPhoneSimulator
		{D05E366C-ECB9-4011-A9E0-DD04696E876E}.Ad-Hoc|iPhoneSimulator.Deploy.0 = Ad-Hoc|iPhoneSimulator
		{D05E366C-ECB9-4011-A9E0-DD04696E876E}.Ad-Hoc|x64.ActiveCfg = Ad-Hoc|iPhone
		{D05E366C-ECB9-4011-A9E0-DD04696E876E}.Ad-Hoc|x64.Build.0 = Ad-Hoc|iPhone
		{D05E366C-ECB9-4011-A9E0-DD04696E876E}.Ad-Hoc|x64.Deploy.0 = Ad-Hoc|iPhone
		{D05E366C-ECB9-4011-A9E0-DD04696E876E}.Ad-Hoc|x86.ActiveCfg = Ad-Hoc|iPhone
		{D05E366C-ECB9-4011-A9E0-DD04696E876E}.Ad-Hoc|x86.Build.0 = Ad-Hoc|iPhone
		{D05E366C-ECB9-4011-A9E0-DD04696E876E}.Ad-Hoc|x86.Deploy.0 = Ad-Hoc|iPhone
		{D05E366C-ECB9-4011-A9E0-DD04696E876E}.AppStore|Any CPU.ActiveCfg = AppStore|iPhone
		{D05E366C-ECB9-4011-A9E0-DD04696E876E}.AppStore|Any CPU.Build.0 = AppStore|iPhone
		{D05E366C-ECB9-4011-A9E0-DD04696E876E}.AppStore|Any CPU.Deploy.0 = AppStore|iPhone
		{D05E366C-ECB9-4011-A9E0-DD04696E876E}.AppStore|ARM.ActiveCfg = AppStore|iPhone
		{D05E366C-ECB9-4011-A9E0-DD04696E876E}.AppStore|ARM.Build.0 = AppStore|iPhone
		{D05E366C-ECB9-4011-A9E0-DD04696E876E}.AppStore|ARM.Deploy.0 = AppStore|iPhone
		{D05E366C-ECB9-4011-A9E0-DD04696E876E}.AppStore|iPhone.ActiveCfg = AppStore|iPhone
		{D05E366C-ECB9-4011-A9E0-DD04696E876E}.AppStore|iPhone.Build.0 = AppStore|iPhone
		{D05E366C-ECB9-4011-A9E0-DD04696E876E}.AppStore|iPhone.Deploy.0 = AppStore|iPhone
		{D05E366C-ECB9-4011-A9E0-DD04696E876E}.AppStore|iPhoneSimulator.ActiveCfg = AppStore|iPhoneSimulator
		{D05E366C-ECB9-4011-A9E0-DD04696E876E}.AppStore|iPhoneSimulator.Build.0 = AppStore|iPhoneSimulator
		{D05E366C-ECB9-4011-A9E0-DD04696E876E}.AppStore|iPhoneSimulator.Deploy.0 = AppStore|iPhoneSimulator
		{D05E366C-ECB9-4011-A9E0-DD04696E876E}.AppStore|x64.ActiveCfg = AppStore|iPhone
		{D05E366C-ECB9-4011-A9E0-DD04696E876E}.AppStore|x64.Build.0 = AppStore|iPhone
		{D05E366C-ECB9-4011-A9E0-DD04696E876E}.AppStore|x64.Deploy.0 = AppStore|iPhone
		{D05E366C-ECB9-4011-A9E0-DD04696E876E}.AppStore|x86.ActiveCfg = AppStore|iPhone
		{D05E366C-ECB9-4011-A9E0-DD04696E876E}.AppStore|x86.Build.0 = AppStore|iPhone
		{D05E366C-ECB9-4011-A9E0-DD04696E876E}.AppStore|x86.Deploy.0 = AppStore|iPhone
		{D05E366C-ECB9-4011-A9E0-DD04696E876E}.Debug|Any CPU.ActiveCfg = Debug|iPhoneSimulator
		{D05E366C-ECB9-4011-A9E0-DD04696E876E}.Debug|Any CPU.Build.0 = Debug|iPhoneSimulator
		{D05E366C-ECB9-4011-A9E0-DD04696E876E}.Debug|Any CPU.Deploy.0 = Debug|iPhoneSimulator
		{D05E366C-ECB9-4011-A9E0-DD04696E876E}.Debug|ARM.ActiveCfg = Debug|iPhone
		{D05E366C-ECB9-4011-A9E0-DD04696E876E}.Debug|ARM.Build.0 = Debug|iPhone
		{D05E366C-ECB9-4011-A9E0-DD04696E876E}.Debug|ARM.Deploy.0 = Debug|iPhone
		{D05E366C-ECB9-4011-A9E0-DD04696E876E}.Debug|iPhone.ActiveCfg = Debug|iPhone
		{D05E366C-ECB9-4011-A9E0-DD04696E876E}.Debug|iPhone.Build.0 = Debug|iPhone
		{D05E366C-ECB9-4011-A9E0-DD04696E876E}.Debug|iPhone.Deploy.0 = Debug|iPhone
		{D05E366C-ECB9-4011-A9E0-DD04696E876E}.Debug|iPhoneSimulator.ActiveCfg = Debug|iPhoneSimulator
		{D05E366C-ECB9-4011-A9E0-DD04696E876E}.Debug|iPhoneSimulator.Build.0 = Debug|iPhoneSimulator
		{D05E366C-ECB9-4011-A9E0-DD04696E876E}.Debug|iPhoneSimulator.Deploy.0 = Debug|iPhoneSimulator
		{D05E366C-ECB9-4011-A9E0-DD04696E876E}.Debug|x64.ActiveCfg = Debug|iPhone
		{D05E366C-ECB9-4011-A9E0-DD04696E876E}.Debug|x64.Build.0 = Debug|iPhone
		{D05E366C-ECB9-4011-A9E0-DD04696E876E}.Debug|x64.Deploy.0 = Debug|iPhone
		{D05E366C-ECB9-4011-A9E0-DD04696E876E}.Debug|x86.ActiveCfg = Debug|iPhone
		{D05E366C-ECB9-4011-A9E0-DD04696E876E}.Debug|x86.Build.0 = Debug|iPhone
		{D05E366C-ECB9-4011-A9E0-DD04696E876E}.Debug|x86.Deploy.0 = Debug|iPhone
		{D05E366C-ECB9-4011-A9E0-DD04696E876E}.Release|Any CPU.ActiveCfg = Release|iPhone
		{D05E366C-ECB9-4011-A9E0-DD04696E876E}.Release|Any CPU.Build.0 = Release|iPhone
		{D05E366C-ECB9-4011-A9E0-DD04696E876E}.Release|Any CPU.Deploy.0 = Release|iPhone
		{D05E366C-ECB9-4011-A9E0-DD04696E876E}.Release|ARM.ActiveCfg = Release|iPhone
		{D05E366C-ECB9-4011-A9E0-DD04696E876E}.Release|ARM.Build.0 = Release|iPhone
		{D05E366C-ECB9-4011-A9E0-DD04696E876E}.Release|ARM.Deploy.0 = Release|iPhone
		{D05E366C-ECB9-4011-A9E0-DD04696E876E}.Release|iPhone.ActiveCfg = Release|iPhone
		{D05E366C-ECB9-4011-A9E0-DD04696E876E}.Release|iPhone.Build.0 = Release|iPhone
		{D05E366C-ECB9-4011-A9E0-DD04696E876E}.Release|iPhone.Deploy.0 = Release|iPhone
		{D05E366C-ECB9-4011-A9E0-DD04696E876E}.Release|iPhoneSimulator.ActiveCfg = Release|iPhoneSimulator
		{D05E366C-ECB9-4011-A9E0-DD04696E876E}.Release|iPhoneSimulator.Build.0 = Release|iPhoneSimulator
		{D05E366C-ECB9-4011-A9E0-DD04696E876E}.Release|iPhoneSimulator.Deploy.0 = Release|iPhoneSimulator
		{D05E366C-ECB9-4011-A9E0-DD04696E876E}.Release|x64.ActiveCfg = Release|iPhone
		{D05E366C-ECB9-4011-A9E0-DD04696E876E}.Release|x64.Build.0 = Release|iPhone
		{D05E366C-ECB9-4011-A9E0-DD04696E876E}.Release|x64.Deploy.0 = Release|iPhone
		{D05E366C-ECB9-4011-A9E0-DD04696E876E}.Release|x86.ActiveCfg = Release|iPhone
		{D05E366C-ECB9-4011-A9E0-DD04696E876E}.Release|x86.Build.0 = Release|iPhone
		{D05E366C-ECB9-4011-A9E0-DD04696E876E}.Release|x86.Deploy.0 = Release|iPhone
		{A92B938D-49C4-4AD7-B791-8F3F89883BF3}.Ad-Hoc|Any CPU.ActiveCfg = Release|x86
		{A92B938D-49C4-4AD7-B791-8F3F89883BF3}.Ad-Hoc|Any CPU.Build.0 = Release|x86
		{A92B938D-49C4-4AD7-B791-8F3F89883BF3}.Ad-Hoc|Any CPU.Deploy.0 = Release|x86
		{A92B938D-49C4-4AD7-B791-8F3F89883BF3}.Ad-Hoc|ARM.ActiveCfg = Release|ARM
		{A92B938D-49C4-4AD7-B791-8F3F89883BF3}.Ad-Hoc|ARM.Build.0 = Release|ARM
		{A92B938D-49C4-4AD7-B791-8F3F89883BF3}.Ad-Hoc|ARM.Deploy.0 = Release|ARM
		{A92B938D-49C4-4AD7-B791-8F3F89883BF3}.Ad-Hoc|iPhone.ActiveCfg = Release|x86
		{A92B938D-49C4-4AD7-B791-8F3F89883BF3}.Ad-Hoc|iPhone.Build.0 = Release|x86
		{A92B938D-49C4-4AD7-B791-8F3F89883BF3}.Ad-Hoc|iPhone.Deploy.0 = Release|x86
		{A92B938D-49C4-4AD7-B791-8F3F89883BF3}.Ad-Hoc|iPhoneSimulator.ActiveCfg = Release|x86
		{A92B938D-49C4-4AD7-B791-8F3F89883BF3}.Ad-Hoc|iPhoneSimulator.Build.0 = Release|x86
		{A92B938D-49C4-4AD7-B791-8F3F89883BF3}.Ad-Hoc|iPhoneSimulator.Deploy.0 = Release|x86
		{A92B938D-49C4-4AD7-B791-8F3F89883BF3}.Ad-Hoc|x64.ActiveCfg = Release|x64
		{A92B938D-49C4-4AD7-B791-8F3F89883BF3}.Ad-Hoc|x64.Build.0 = Release|x64
		{A92B938D-49C4-4AD7-B791-8F3F89883BF3}.Ad-Hoc|x64.Deploy.0 = Release|x64
		{A92B938D-49C4-4AD7-B791-8F3F89883BF3}.Ad-Hoc|x86.ActiveCfg = Release|x86
		{A92B938D-49C4-4AD7-B791-8F3F89883BF3}.Ad-Hoc|x86.Build.0 = Release|x86
		{A92B938D-49C4-4AD7-B791-8F3F89883BF3}.Ad-Hoc|x86.Deploy.0 = Release|x86
		{A92B938D-49C4-4AD7-B791-8F3F89883BF3}.AppStore|Any CPU.ActiveCfg = Release|x86
		{A92B938D-49C4-4AD7-B791-8F3F89883BF3}.AppStore|Any CPU.Build.0 = Release|x86
		{A92B938D-49C4-4AD7-B791-8F3F89883BF3}.AppStore|Any CPU.Deploy.0 = Release|x86
		{A92B938D-49C4-4AD7-B791-8F3F89883BF3}.AppStore|ARM.ActiveCfg = Release|ARM
		{A92B938D-49C4-4AD7-B791-8F3F89883BF3}.AppStore|ARM.Build.0 = Release|ARM
		{A92B938D-49C4-4AD7-B791-8F3F89883BF3}.AppStore|ARM.Deploy.0 = Release|ARM
		{A92B938D-49C4-4AD7-B791-8F3F89883BF3}.AppStore|iPhone.ActiveCfg = Release|x86
		{A92B938D-49C4-4AD7-B791-8F3F89883BF3}.AppStore|iPhone.Build.0 = Release|x86
		{A92B938D-49C4-4AD7-B791-8F3F89883BF3}.AppStore|iPhone.Deploy.0 = Release|x86
		{A92B938D-49C4-4AD7-B791-8F3F89883BF3}.AppStore|iPhoneSimulator.ActiveCfg = Release|x86
		{A92B938D-49C4-4AD7-B791-8F3F89883BF3}.AppStore|iPhoneSimulator.Build.0 = Release|x86
		{A92B938D-49C4-4AD7-B791-8F3F89883BF3}.AppStore|iPhoneSimulator.Deploy.0 = Release|x86
		{A92B938D-49C4-4AD7-B791-8F3F89883BF3}.AppStore|x64.ActiveCfg = Release|x64
		{A92B938D-49C4-4AD7-B791-8F3F89883BF3}.AppStore|x64.Build.0 = Release|x64
		{A92B938D-49C4-4AD7-B791-8F3F89883BF3}.AppStore|x64.Deploy.0 = Release|x64
		{A92B938D-49C4-4AD7-B791-8F3F89883BF3}.AppStore|x86.ActiveCfg = Release|x86
		{A92B938D-49C4-4AD7-B791-8F3F89883BF3}.AppStore|x86.Build.0 = Release|x86
		{A92B938D-49C4-4AD7-B791-8F3F89883BF3}.AppStore|x86.Deploy.0 = Release|x86
		{A92B938D-49C4-4AD7-B791-8F3F89883BF3}.Debug|Any CPU.ActiveCfg = Debug|x86
		{A92B938D-49C4-4AD7-B791-8F3F89883BF3}.Debug|Any CPU.Build.0 = Debug|x86
		{A92B938D-49C4-4AD7-B791-8F3F89883BF3}.Debug|Any CPU.Deploy.0 = Debug|x86
		{A92B938D-49C4-4AD7-B791-8F3F89883BF3}.Debug|ARM.ActiveCfg = Debug|ARM
		{A92B938D-49C4-4AD7-B791-8F3F89883BF3}.Debug|ARM.Build.0 = Debug|ARM
		{A92B938D-49C4-4AD7-B791-8F3F89883BF3}.Debug|ARM.Deploy.0 = Debug|ARM
		{A92B938D-49C4-4AD7-B791-8F3F89883BF3}.Debug|iPhone.ActiveCfg = Debug|x86
		{A92B938D-49C4-4AD7-B791-8F3F89883BF3}.Debug|iPhone.Build.0 = Debug|x86
		{A92B938D-49C4-4AD7-B791-8F3F89883BF3}.Debug|iPhone.Deploy.0 = Debug|x86
		{A92B938D-49C4-4AD7-B791-8F3F89883BF3}.Debug|iPhoneSimulator.ActiveCfg = Debug|x86
		{A92B938D-49C4-4AD7-B791-8F3F89883BF3}.Debug|iPhoneSimulator.Build.0 = Debug|x86
		{A92B938D-49C4-4AD7-B791-8F3F89883BF3}.Debug|iPhoneSimulator.Deploy.0 = Debug|x86
		{A92B938D-49C4-4AD7-B791-8F3F89883BF3}.Debug|x64.ActiveCfg = Debug|x64
		{A92B938D-49C4-4AD7-B791-8F3F89883BF3}.Debug|x64.Build.0 = Debug|x64
		{A92B938D-49C4-4AD7-B791-8F3F89883BF3}.Debug|x64.Deploy.0 = Debug|x64
		{A92B938D-49C4-4AD7-B791-8F3F89883BF3}.Debug|x86.ActiveCfg = Debug|x86
		{A92B938D-49C4-4AD7-B791-8F3F89883BF3}.Debug|x86.Build.0 = Debug|x86
		{A92B938D-49C4-4AD7-B791-8F3F89883BF3}.Debug|x86.Deploy.0 = Debug|x86
		{A92B938D-49C4-4AD7-B791-8F3F89883BF3}.Release|Any CPU.ActiveCfg = Release|x86
		{A92B938D-49C4-4AD7-B791-8F3F89883BF3}.Release|Any CPU.Build.0 = Release|x86
		{A92B938D-49C4-4AD7-B791-8F3F89883BF3}.Release|Any CPU.Deploy.0 = Release|x86
		{A92B938D-49C4-4AD7-B791-8F3F89883BF3}.Release|ARM.ActiveCfg = Release|ARM
		{A92B938D-49C4-4AD7-B791-8F3F89883BF3}.Release|ARM.Build.0 = Release|ARM
		{A92B938D-49C4-4AD7-B791-8F3F89883BF3}.Release|ARM.Deploy.0 = Release|ARM
		{A92B938D-49C4-4AD7-B791-8F3F89883BF3}.Release|iPhone.ActiveCfg = Release|x86
		{A92B938D-49C4-4AD7-B791-8F3F89883BF3}.Release|iPhone.Build.0 = Release|x86
		{A92B938D-49C4-4AD7-B791-8F3F89883BF3}.Release|iPhone.Deploy.0 = Release|x86
		{A92B938D-49C4-4AD7-B791-8F3F89883BF3}.Release|iPhoneSimulator.ActiveCfg = Release|x86
		{A92B938D-49C4-4AD7-B791-8F3F89883BF3}.Release|iPhoneSimulator.Build.0 = Release|x86
		{A92B938D-49C4-4AD7-B791-8F3F89883BF3}.Release|iPhoneSimulator.Deploy.0 = Release|x86
		{A92B938D-49C4-4AD7-B791-8F3F89883BF3}.Release|x64.ActiveCfg = Release|x64
		{A92B938D-49C4-4AD7-B791-8F3F89883BF3}.Release|x64.Build.0 = Release|x64
		{A92B938D-49C4-4AD7-B791-8F3F89883BF3}.Release|x64.Deploy.0 = Release|x64
		{A92B938D-49C4-4AD7-B791-8F3F89883BF3}.Release|x86.ActiveCfg = Release|x86
		{A92B938D-49C4-4AD7-B791-8F3F89883BF3}.Release|x86.Build.0 = Release|x86
		{A92B938D-49C4-4AD7-B791-8F3F89883BF3}.Release|x86.Deploy.0 = Release|x86
	EndGlobalSection
	GlobalSection(SolutionProperties) = preSolution
		HideSolutionNode = FALSE
	EndGlobalSection
	GlobalSection(ExtensibilityGlobals) = postSolution
		SolutionGuid = {8EF0D617-7B26-4976-9186-0FA199DCF513}
	EndGlobalSection
EndGlobal
